{
  "originHash" : "726475d6c2c0355de7a4de72708853eaf53eb295e791efe2cc4b8eb5ce4e9ae8",
  "pins" : [
    {
      "identity" : "fluid-menu-bar-extra",
      "kind" : "remoteSourceControl",
      "location" : "https://github.com/lfroms/fluid-menu-bar-extra",
      "state" : {
        "revision" : "e152a3a1a25aca24906217f8d4d63afbb08d7f97",
        "version" : "1.1.0"
      }
    },
    {
      "identity" : "keychainaccess",
      "kind" : "remoteSourceControl",
      "location" : "https://github.com/kishikawakatsumi/KeychainAccess",
      "state" : {
        "revision" : "e0c7eebc5a4465a3c4680764f26b7a61f567cdaf"
      }
    },
    {
      "identity" : "swiftlintplugins",
      "kind" : "remoteSourceControl",
      "location" : "https://github.com/SimplyDanny/SwiftLintPlugins",
      "state" : {
        "revision" : "f9731bef175c3eea3a0ca960f1be78fcc2bc7853",
        "version" : "0.57.1"
      }
    },
    {
      "identity" : "viewinspector",
      "kind" : "remoteSourceControl",
      "location" : "https://github.com/nalexn/ViewInspector",
      "state" : {
        "revision" : "5acfa0a3c095ac9ad050abe51c60d1831e8321da",
        "version" : "0.10.0"
      }
    }
  ],
  "version" : 3
}
