// !$*UTF8*$!
{
	archiveVersion = 1;
	classes = {
	};
	objectVersion = 77;
	objects = {

/* Begin PBXBuildFile section */
		961679332CFF117300B2B6DF /* NetworkExtension.framework in Frameworks */ = {isa = PBXBuildFile; fileRef = 961679322CFF117300B2B6DF /* NetworkExtension.framework */; };
		9616793D2CFF117300B2B6DF /* com.coder.Coder-Desktop.VPN.systemextension in Embed System Extensions */ = {isa = PBXBuildFile; fileRef = 961679302CFF117300B2B6DF /* com.coder.Coder-Desktop.VPN.systemextension */; settings = {ATTRIBUTES = (RemoveHeadersOnCopy, ); }; };
		961679532CFF207900B2B6DF /* SwiftProtobuf in Frameworks */ = {isa = PBXBuildFile; productRef = 961679522CFF207900B2B6DF /* SwiftProtobuf */; };
		961679552CFF207900B2B6DF /* SwiftProtobufPluginLibrary in Frameworks */ = {isa = PBXBuildFile; productRef = 961679542CFF207900B2B6DF /* SwiftProtobufPluginLibrary */; };
		AA071D2C2D1041A7008D0B72 /* SwiftProtobuf in Frameworks */ = {isa = PBXBuildFile; productRef = 961679E22D03144900B2B6DF /* SwiftProtobuf */; };
		AA071D2D2D1041A7008D0B72 /* SwiftProtobufPluginLibrary in Frameworks */ = {isa = PBXBuildFile; productRef = 961679E42D03144C00B2B6DF /* SwiftProtobufPluginLibrary */; };
		AA8BC3392D0060A900E1ABAA /* ViewInspector in Frameworks */ = {isa = PBXBuildFile; productRef = AA8BC3382D0060A900E1ABAA /* ViewInspector */; };
		AA8BC33F2D0061F200E1ABAA /* FluidMenuBarExtra in Frameworks */ = {isa = PBXBuildFile; productRef = AA8BC33E2D0061F200E1ABAA /* FluidMenuBarExtra */; };
		AA8BC4CF2D00A4B700E1ABAA /* KeychainAccess in Frameworks */ = {isa = PBXBuildFile; productRef = AA8BC4CE2D00A4B700E1ABAA /* KeychainAccess */; };
		AAD720D02D0816B200F6304D /* Alamofire in Frameworks */ = {isa = PBXBuildFile; productRef = AAD720CF2D0816B200F6304D /* Alamofire */; };
/* End PBXBuildFile section */

/* Begin PBXContainerItemProxy section */
		961679102CFF100E00B2B6DF /* PBXContainerItemProxy */ = {
			isa = PBXContainerItemProxy;
			containerPortal = 961678F42CFF100D00B2B6DF /* Project object */;
			proxyType = 1;
			remoteGlobalIDString = 961678FB2CFF100D00B2B6DF;
			remoteInfo = "Coder Desktop";
		};
		9616791A2CFF100E00B2B6DF /* PBXContainerItemProxy */ = {
			isa = PBXContainerItemProxy;
			containerPortal = 961678F42CFF100D00B2B6DF /* Project object */;
			proxyType = 1;
			remoteGlobalIDString = 961678FB2CFF100D00B2B6DF;
			remoteInfo = "Coder Desktop";
		};
		9616793B2CFF117300B2B6DF /* PBXContainerItemProxy */ = {
			isa = PBXContainerItemProxy;
			containerPortal = 961678F42CFF100D00B2B6DF /* Project object */;
			proxyType = 1;
			remoteGlobalIDString = 9616792F2CFF117300B2B6DF;
			remoteInfo = VPN;
		};
		961679DD2D030E1D00B2B6DF /* PBXContainerItemProxy */ = {
			isa = PBXContainerItemProxy;
			containerPortal = 961678F42CFF100D00B2B6DF /* Project object */;
			proxyType = 1;
			remoteGlobalIDString = 961678FB2CFF100D00B2B6DF;
			remoteInfo = "Coder Desktop";
		};
/* End PBXContainerItemProxy section */

/* Begin PBXCopyFilesBuildPhase section */
		961679422CFF117300B2B6DF /* Embed System Extensions */ = {
			isa = PBXCopyFilesBuildPhase;
			buildActionMask = 2147483647;
			dstPath = "$(SYSTEM_EXTENSIONS_FOLDER_PATH)";
			dstSubfolderSpec = 16;
			files = (
				9616793D2CFF117300B2B6DF /* com.coder.Coder-Desktop.VPN.systemextension in Embed System Extensions */,
			);
			name = "Embed System Extensions";
			runOnlyForDeploymentPostprocessing = 0;
		};
/* End PBXCopyFilesBuildPhase section */

/* Begin PBXFileReference section */
		961678FC2CFF100D00B2B6DF /* Coder Desktop.app */ = {isa = PBXFileReference; explicitFileType = wrapper.application; includeInIndex = 0; path = "Coder Desktop.app"; sourceTree = BUILT_PRODUCTS_DIR; };
		9616790F2CFF100E00B2B6DF /* Coder DesktopTests.xctest */ = {isa = PBXFileReference; explicitFileType = wrapper.cfbundle; includeInIndex = 0; path = "Coder DesktopTests.xctest"; sourceTree = BUILT_PRODUCTS_DIR; };
		961679192CFF100E00B2B6DF /* Coder DesktopUITests.xctest */ = {isa = PBXFileReference; explicitFileType = wrapper.cfbundle; includeInIndex = 0; path = "Coder DesktopUITests.xctest"; sourceTree = BUILT_PRODUCTS_DIR; };
		961679302CFF117300B2B6DF /* com.coder.Coder-Desktop.VPN.systemextension */ = {isa = PBXFileReference; explicitFileType = "wrapper.system-extension"; includeInIndex = 0; path = "com.coder.Coder-Desktop.VPN.systemextension"; sourceTree = BUILT_PRODUCTS_DIR; };
		961679322CFF117300B2B6DF /* NetworkExtension.framework */ = {isa = PBXFileReference; lastKnownFileType = wrapper.framework; name = NetworkExtension.framework; path = System/Library/Frameworks/NetworkExtension.framework; sourceTree = SDKROOT; };
		961679D92D030E1D00B2B6DF /* ProtoTests.xctest */ = {isa = PBXFileReference; explicitFileType = wrapper.cfbundle; includeInIndex = 0; path = ProtoTests.xctest; sourceTree = BUILT_PRODUCTS_DIR; };
/* End PBXFileReference section */

/* Begin PBXFileSystemSynchronizedBuildFileExceptionSet section */
		9616793E2CFF117300B2B6DF /* Exceptions for "VPN" folder in "VPN" target */ = {
			isa = PBXFileSystemSynchronizedBuildFileExceptionSet;
			membershipExceptions = (
				Info.plist,
			);
			target = 9616792F2CFF117300B2B6DF /* VPN */;
		};
		961679472CFF14EA00B2B6DF /* Exceptions for "Proto" folder in "VPN" target */ = {
			isa = PBXFileSystemSynchronizedBuildFileExceptionSet;
			membershipExceptions = (
				Sender.swift,
			);
			target = 9616792F2CFF117300B2B6DF /* VPN */;
		};
		AA071D842D1041E9008D0B72 /* Exceptions for "Proto" folder in "Coder Desktop" target */ = {
			isa = PBXFileSystemSynchronizedBuildFileExceptionSet;
			membershipExceptions = (
				vpn.proto,
			);
			target = 961678FB2CFF100D00B2B6DF /* Coder Desktop */;
		};
/* End PBXFileSystemSynchronizedBuildFileExceptionSet section */

/* Begin PBXFileSystemSynchronizedRootGroup section */
		961678FE2CFF100D00B2B6DF /* Coder Desktop */ = {
			isa = PBXFileSystemSynchronizedRootGroup;
			path = "Coder Desktop";
			sourceTree = "<group>";
		};
		961679122CFF100E00B2B6DF /* Coder DesktopTests */ = {
			isa = PBXFileSystemSynchronizedRootGroup;
			path = "Coder DesktopTests";
			sourceTree = "<group>";
		};
		9616791C2CFF100E00B2B6DF /* Coder DesktopUITests */ = {
			isa = PBXFileSystemSynchronizedRootGroup;
			path = "Coder DesktopUITests";
			sourceTree = "<group>";
		};
		961679342CFF117300B2B6DF /* VPN */ = {
			isa = PBXFileSystemSynchronizedRootGroup;
			exceptions = (
				9616793E2CFF117300B2B6DF /* Exceptions for "VPN" folder in "VPN" target */,
			);
			path = VPN;
			sourceTree = "<group>";
		};
		961679432CFF149000B2B6DF /* Proto */ = {
			isa = PBXFileSystemSynchronizedRootGroup;
			exceptions = (
				AA071D842D1041E9008D0B72 /* Exceptions for "Proto" folder in "Coder Desktop" target */,
				961679472CFF14EA00B2B6DF /* Exceptions for "Proto" folder in "VPN" target */,
			);
			path = Proto;
			sourceTree = "<group>";
		};
		961679DA2D030E1D00B2B6DF /* ProtoTests */ = {
			isa = PBXFileSystemSynchronizedRootGroup;
			path = ProtoTests;
			sourceTree = "<group>";
		};
/* End PBXFileSystemSynchronizedRootGroup section */

/* Begin PBXFrameworksBuildPhase section */
		961678F92CFF100D00B2B6DF /* Frameworks */ = {
			isa = PBXFrameworksBuildPhase;
			buildActionMask = 2147483647;
			files = (
				AAD720D02D0816B200F6304D /* Alamofire in Frameworks */,
				AA8BC4CF2D00A4B700E1ABAA /* KeychainAccess in Frameworks */,
				AA8BC33F2D0061F200E1ABAA /* FluidMenuBarExtra in Frameworks */,
				961679552CFF207900B2B6DF /* SwiftProtobufPluginLibrary in Frameworks */,
				961679532CFF207900B2B6DF /* SwiftProtobuf in Frameworks */,
			);
			runOnlyForDeploymentPostprocessing = 0;
		};
		9616790C2CFF100E00B2B6DF /* Frameworks */ = {
			isa = PBXFrameworksBuildPhase;
			buildActionMask = 2147483647;
			files = (
				AA8BC3392D0060A900E1ABAA /* ViewInspector in Frameworks */,
			);
			runOnlyForDeploymentPostprocessing = 0;
		};
		961679162CFF100E00B2B6DF /* Frameworks */ = {
			isa = PBXFrameworksBuildPhase;
			buildActionMask = 2147483647;
			files = (
			);
			runOnlyForDeploymentPostprocessing = 0;
		};
		9616792D2CFF117300B2B6DF /* Frameworks */ = {
			isa = PBXFrameworksBuildPhase;
			buildActionMask = 2147483647;
			files = (
				AA071D2D2D1041A7008D0B72 /* SwiftProtobufPluginLibrary in Frameworks */,
				AA071D2C2D1041A7008D0B72 /* SwiftProtobuf in Frameworks */,
				961679332CFF117300B2B6DF /* NetworkExtension.framework in Frameworks */,
			);
			runOnlyForDeploymentPostprocessing = 0;
		};
		961679D62D030E1D00B2B6DF /* Frameworks */ = {
			isa = PBXFrameworksBuildPhase;
			buildActionMask = 2147483647;
			files = (
			);
			runOnlyForDeploymentPostprocessing = 0;
		};
/* End PBXFrameworksBuildPhase section */

/* Begin PBXGroup section */
		961678F32CFF100D00B2B6DF = {
			isa = PBXGroup;
			children = (
				961679432CFF149000B2B6DF /* Proto */,
				961679DA2D030E1D00B2B6DF /* ProtoTests */,
				961678FE2CFF100D00B2B6DF /* Coder Desktop */,
				961679122CFF100E00B2B6DF /* Coder DesktopTests */,
				9616791C2CFF100E00B2B6DF /* Coder DesktopUITests */,
				961679342CFF117300B2B6DF /* VPN */,
				961679312CFF117300B2B6DF /* Frameworks */,
				961678FD2CFF100D00B2B6DF /* Products */,
			);
			sourceTree = "<group>";
		};
		961678FD2CFF100D00B2B6DF /* Products */ = {
			isa = PBXGroup;
			children = (
				961678FC2CFF100D00B2B6DF /* Coder Desktop.app */,
				9616790F2CFF100E00B2B6DF /* Coder DesktopTests.xctest */,
				961679192CFF100E00B2B6DF /* Coder DesktopUITests.xctest */,
				961679302CFF117300B2B6DF /* com.coder.Coder-Desktop.VPN.systemextension */,
				961679D92D030E1D00B2B6DF /* ProtoTests.xctest */,
			);
			name = Products;
			sourceTree = "<group>";
		};
		961679312CFF117300B2B6DF /* Frameworks */ = {
			isa = PBXGroup;
			children = (
				961679322CFF117300B2B6DF /* NetworkExtension.framework */,
			);
			name = Frameworks;
			sourceTree = "<group>";
		};
/* End PBXGroup section */

/* Begin PBXNativeTarget section */
		961678FB2CFF100D00B2B6DF /* Coder Desktop */ = {
			isa = PBXNativeTarget;
			buildConfigurationList = 961679232CFF100F00B2B6DF /* Build configuration list for PBXNativeTarget "Coder Desktop" */;
			buildPhases = (
				961678F82CFF100D00B2B6DF /* Sources */,
				961678F92CFF100D00B2B6DF /* Frameworks */,
				961678FA2CFF100D00B2B6DF /* Resources */,
				961679422CFF117300B2B6DF /* Embed System Extensions */,
			);
			buildRules = (
			);
			dependencies = (
				AA8BC33C2D0060E700E1ABAA /* PBXTargetDependency */,
				9616793C2CFF117300B2B6DF /* PBXTargetDependency */,
			);
			fileSystemSynchronizedGroups = (
				961678FE2CFF100D00B2B6DF /* Coder Desktop */,
				961679432CFF149000B2B6DF /* Proto */,
			);
			name = "Coder Desktop";
			packageProductDependencies = (
				AA8BC33E2D0061F200E1ABAA /* FluidMenuBarExtra */,
				AA8BC4CE2D00A4B700E1ABAA /* KeychainAccess */,
				AAD720CF2D0816B200F6304D /* Alamofire */,
				961679522CFF207900B2B6DF /* SwiftProtobuf */,
				961679542CFF207900B2B6DF /* SwiftProtobufPluginLibrary */,
			);
			productName = "Coder Desktop";
			productReference = 961678FC2CFF100D00B2B6DF /* Coder Desktop.app */;
			productType = "com.apple.product-type.application";
		};
		9616790E2CFF100E00B2B6DF /* Coder DesktopTests */ = {
			isa = PBXNativeTarget;
			buildConfigurationList = 961679262CFF100F00B2B6DF /* Build configuration list for PBXNativeTarget "Coder DesktopTests" */;
			buildPhases = (
				9616790B2CFF100E00B2B6DF /* Sources */,
				9616790C2CFF100E00B2B6DF /* Frameworks */,
				9616790D2CFF100E00B2B6DF /* Resources */,
			);
			buildRules = (
			);
			dependencies = (
				961679112CFF100E00B2B6DF /* PBXTargetDependency */,
			);
			fileSystemSynchronizedGroups = (
				961679122CFF100E00B2B6DF /* Coder DesktopTests */,
			);
			name = "Coder DesktopTests";
			packageProductDependencies = (
				AA8BC3382D0060A900E1ABAA /* ViewInspector */,
			);
			productName = "Coder DesktopTests";
			productReference = 9616790F2CFF100E00B2B6DF /* Coder DesktopTests.xctest */;
			productType = "com.apple.product-type.bundle.unit-test";
		};
		961679182CFF100E00B2B6DF /* Coder DesktopUITests */ = {
			isa = PBXNativeTarget;
			buildConfigurationList = 961679292CFF100F00B2B6DF /* Build configuration list for PBXNativeTarget "Coder DesktopUITests" */;
			buildPhases = (
				961679152CFF100E00B2B6DF /* Sources */,
				961679162CFF100E00B2B6DF /* Frameworks */,
				961679172CFF100E00B2B6DF /* Resources */,
			);
			buildRules = (
			);
			dependencies = (
				9616791B2CFF100E00B2B6DF /* PBXTargetDependency */,
			);
			fileSystemSynchronizedGroups = (
				9616791C2CFF100E00B2B6DF /* Coder DesktopUITests */,
			);
			name = "Coder DesktopUITests";
			packageProductDependencies = (
			);
			productName = "Coder DesktopUITests";
			productReference = 961679192CFF100E00B2B6DF /* Coder DesktopUITests.xctest */;
			productType = "com.apple.product-type.bundle.ui-testing";
		};
		9616792F2CFF117300B2B6DF /* VPN */ = {
			isa = PBXNativeTarget;
			buildConfigurationList = 9616793F2CFF117300B2B6DF /* Build configuration list for PBXNativeTarget "VPN" */;
			buildPhases = (
				9616792C2CFF117300B2B6DF /* Sources */,
				9616792D2CFF117300B2B6DF /* Frameworks */,
				9616792E2CFF117300B2B6DF /* Resources */,
			);
			buildRules = (
			);
			dependencies = (
			);
			fileSystemSynchronizedGroups = (
				961679342CFF117300B2B6DF /* VPN */,
			);
			name = VPN;
			packageProductDependencies = (
				961679E22D03144900B2B6DF /* SwiftProtobuf */,
				961679E42D03144C00B2B6DF /* SwiftProtobufPluginLibrary */,
			);
			productName = VPN;
			productReference = 961679302CFF117300B2B6DF /* com.coder.Coder-Desktop.VPN.systemextension */;
			productType = "com.apple.product-type.system-extension";
		};
		961679D82D030E1D00B2B6DF /* ProtoTests */ = {
			isa = PBXNativeTarget;
			buildConfigurationList = 961679DF2D030E1D00B2B6DF /* Build configuration list for PBXNativeTarget "ProtoTests" */;
			buildPhases = (
				961679D52D030E1D00B2B6DF /* Sources */,
				961679D62D030E1D00B2B6DF /* Frameworks */,
				961679D72D030E1D00B2B6DF /* Resources */,
			);
			buildRules = (
			);
			dependencies = (
				961679DE2D030E1D00B2B6DF /* PBXTargetDependency */,
			);
			fileSystemSynchronizedGroups = (
				961679DA2D030E1D00B2B6DF /* ProtoTests */,
			);
			name = ProtoTests;
			packageProductDependencies = (
			);
			productName = ProtoTests;
			productReference = 961679D92D030E1D00B2B6DF /* ProtoTests.xctest */;
			productType = "com.apple.product-type.bundle.unit-test";
		};
/* End PBXNativeTarget section */

/* Begin PBXProject section */
		961678F42CFF100D00B2B6DF /* Project object */ = {
			isa = PBXProject;
			attributes = {
				BuildIndependentTargetsInParallel = 1;
				LastSwiftUpdateCheck = 1610;
				LastUpgradeCheck = 1620;
				TargetAttributes = {
					961678FB2CFF100D00B2B6DF = {
						CreatedOnToolsVersion = 16.1;
					};
					9616790E2CFF100E00B2B6DF = {
						CreatedOnToolsVersion = 16.1;
						TestTargetID = 961678FB2CFF100D00B2B6DF;
					};
					961679182CFF100E00B2B6DF = {
						CreatedOnToolsVersion = 16.1;
						TestTargetID = 961678FB2CFF100D00B2B6DF;
					};
					9616792F2CFF117300B2B6DF = {
						CreatedOnToolsVersion = 16.1;
					};
					961679D82D030E1D00B2B6DF = {
						CreatedOnToolsVersion = 16.1;
						TestTargetID = 961678FB2CFF100D00B2B6DF;
					};
				};
			};
			buildConfigurationList = 961678F72CFF100D00B2B6DF /* Build configuration list for PBXProject "Coder Desktop" */;
			developmentRegion = en;
			hasScannedForEncodings = 0;
			knownRegions = (
				en,
				Base,
			);
			mainGroup = 961678F32CFF100D00B2B6DF;
			minimizedProjectReferenceProxies = 1;
			packageReferences = (
				AA8BC3372D00609700E1ABAA /* XCRemoteSwiftPackageReference "ViewInspector" */,
				AA8BC33A2D0060C500E1ABAA /* XCRemoteSwiftPackageReference "SwiftLintPlugins" */,
				AA8BC33D2D0061F200E1ABAA /* XCRemoteSwiftPackageReference "fluid-menu-bar-extra" */,
				AA8BC4CD2D00A4B700E1ABAA /* XCRemoteSwiftPackageReference "KeychainAccess" */,
				AAD720CE2D0816B200F6304D /* XCRemoteSwiftPackageReference "Alamofire" */,
				961679512CFF207900B2B6DF /* XCRemoteSwiftPackageReference "swift-protobuf" */,
			);
			preferredProjectObjectVersion = 77;
			productRefGroup = 961678FD2CFF100D00B2B6DF /* Products */;
			projectDirPath = "";
			projectRoot = "";
			targets = (
				961678FB2CFF100D00B2B6DF /* Coder Desktop */,
				9616790E2CFF100E00B2B6DF /* Coder DesktopTests */,
				961679182CFF100E00B2B6DF /* Coder DesktopUITests */,
				9616792F2CFF117300B2B6DF /* VPN */,
				961679D82D030E1D00B2B6DF /* ProtoTests */,
			);
		};
/* End PBXProject section */

/* Begin PBXResourcesBuildPhase section */
		961678FA2CFF100D00B2B6DF /* Resources */ = {
			isa = PBXResourcesBuildPhase;
			buildActionMask = 2147483647;
			files = (
			);
			runOnlyForDeploymentPostprocessing = 0;
		};
		9616790D2CFF100E00B2B6DF /* Resources */ = {
			isa = PBXResourcesBuildPhase;
			buildActionMask = 2147483647;
			files = (
			);
			runOnlyForDeploymentPostprocessing = 0;
		};
		961679172CFF100E00B2B6DF /* Resources */ = {
			isa = PBXResourcesBuildPhase;
			buildActionMask = 2147483647;
			files = (
			);
			runOnlyForDeploymentPostprocessing = 0;
		};
		9616792E2CFF117300B2B6DF /* Resources */ = {
			isa = PBXResourcesBuildPhase;
			buildActionMask = 2147483647;
			files = (
			);
			runOnlyForDeploymentPostprocessing = 0;
		};
		961679D72D030E1D00B2B6DF /* Resources */ = {
			isa = PBXResourcesBuildPhase;
			buildActionMask = 2147483647;
			files = (
			);
			runOnlyForDeploymentPostprocessing = 0;
		};
/* End PBXResourcesBuildPhase section */

/* Begin PBXSourcesBuildPhase section */
		961678F82CFF100D00B2B6DF /* Sources */ = {
			isa = PBXSourcesBuildPhase;
			buildActionMask = 2147483647;
			files = (
			);
			runOnlyForDeploymentPostprocessing = 0;
		};
		9616790B2CFF100E00B2B6DF /* Sources */ = {
			isa = PBXSourcesBuildPhase;
			buildActionMask = 2147483647;
			files = (
			);
			runOnlyForDeploymentPostprocessing = 0;
		};
		961679152CFF100E00B2B6DF /* Sources */ = {
			isa = PBXSourcesBuildPhase;
			buildActionMask = 2147483647;
			files = (
			);
			runOnlyForDeploymentPostprocessing = 0;
		};
		9616792C2CFF117300B2B6DF /* Sources */ = {
			isa = PBXSourcesBuildPhase;
			buildActionMask = 2147483647;
			files = (
			);
			runOnlyForDeploymentPostprocessing = 0;
		};
		961679D52D030E1D00B2B6DF /* Sources */ = {
			isa = PBXSourcesBuildPhase;
			buildActionMask = 2147483647;
			files = (
			);
			runOnlyForDeploymentPostprocessing = 0;
		};
/* End PBXSourcesBuildPhase section */

/* Begin PBXTargetDependency section */
		961679112CFF100E00B2B6DF /* PBXTargetDependency */ = {
			isa = PBXTargetDependency;
			target = 961678FB2CFF100D00B2B6DF /* Coder Desktop */;
			targetProxy = 961679102CFF100E00B2B6DF /* PBXContainerItemProxy */;
		};
		9616791B2CFF100E00B2B6DF /* PBXTargetDependency */ = {
			isa = PBXTargetDependency;
			target = 961678FB2CFF100D00B2B6DF /* Coder Desktop */;
			targetProxy = 9616791A2CFF100E00B2B6DF /* PBXContainerItemProxy */;
		};
		9616793C2CFF117300B2B6DF /* PBXTargetDependency */ = {
			isa = PBXTargetDependency;
			target = 9616792F2CFF117300B2B6DF /* VPN */;
			targetProxy = 9616793B2CFF117300B2B6DF /* PBXContainerItemProxy */;
		};
		961679DE2D030E1D00B2B6DF /* PBXTargetDependency */ = {
			isa = PBXTargetDependency;
			target = 961678FB2CFF100D00B2B6DF /* Coder Desktop */;
			targetProxy = 961679DD2D030E1D00B2B6DF /* PBXContainerItemProxy */;
		};
		AA8BC33C2D0060E700E1ABAA /* PBXTargetDependency */ = {
			isa = PBXTargetDependency;
			productRef = AA8BC33B2D0060E700E1ABAA /* SwiftLintBuildToolPlugin */;
		};
/* End PBXTargetDependency section */

/* Begin XCBuildConfiguration section */
		961679212CFF100F00B2B6DF /* Debug */ = {
			isa = XCBuildConfiguration;
			buildSettings = {
				ALWAYS_SEARCH_USER_PATHS = NO;
				ASSETCATALOG_COMPILER_GENERATE_SWIFT_ASSET_SYMBOL_EXTENSIONS = YES;
				CLANG_ANALYZER_NONNULL = YES;
				CLANG_ANALYZER_NUMBER_OBJECT_CONVERSION = YES_AGGRESSIVE;
				CLANG_CXX_LANGUAGE_STANDARD = "gnu++20";
				CLANG_ENABLE_MODULES = YES;
				CLANG_ENABLE_OBJC_ARC = YES;
				CLANG_ENABLE_OBJC_WEAK = YES;
				CLANG_WARN_BLOCK_CAPTURE_AUTORELEASING = YES;
				CLANG_WARN_BOOL_CONVERSION = YES;
				CLANG_WARN_COMMA = YES;
				CLANG_WARN_CONSTANT_CONVERSION = YES;
				CLANG_WARN_DEPRECATED_OBJC_IMPLEMENTATIONS = YES;
				CLANG_WARN_DIRECT_OBJC_ISA_USAGE = YES_ERROR;
				CLANG_WARN_DOCUMENTATION_COMMENTS = YES;
				CLANG_WARN_EMPTY_BODY = YES;
				CLANG_WARN_ENUM_CONVERSION = YES;
				CLANG_WARN_INFINITE_RECURSION = YES;
				CLANG_WARN_INT_CONVERSION = YES;
				CLANG_WARN_NON_LITERAL_NULL_CONVERSION = YES;
				CLANG_WARN_OBJC_IMPLICIT_RETAIN_SELF = YES;
				CLANG_WARN_OBJC_LITERAL_CONVERSION = YES;
				CLANG_WARN_OBJC_ROOT_CLASS = YES_ERROR;
				CLANG_WARN_QUOTED_INCLUDE_IN_FRAMEWORK_HEADER = YES;
				CLANG_WARN_RANGE_LOOP_ANALYSIS = YES;
				CLANG_WARN_STRICT_PROTOTYPES = YES;
				CLANG_WARN_SUSPICIOUS_MOVE = YES;
				CLANG_WARN_UNGUARDED_AVAILABILITY = YES_AGGRESSIVE;
				CLANG_WARN_UNREACHABLE_CODE = YES;
				CLANG_WARN__DUPLICATE_METHOD_MATCH = YES;
				COPY_PHASE_STRIP = NO;
				DEAD_CODE_STRIPPING = YES;
				DEBUG_INFORMATION_FORMAT = dwarf;
				ENABLE_STRICT_OBJC_MSGSEND = YES;
				ENABLE_TESTABILITY = YES;
				ENABLE_USER_SCRIPT_SANDBOXING = YES;
				GCC_C_LANGUAGE_STANDARD = gnu17;
				GCC_DYNAMIC_NO_PIC = NO;
				GCC_NO_COMMON_BLOCKS = YES;
				GCC_OPTIMIZATION_LEVEL = 0;
				GCC_PREPROCESSOR_DEFINITIONS = (
					"DEBUG=1",
					"$(inherited)",
				);
				GCC_WARN_64_TO_32_BIT_CONVERSION = YES;
				GCC_WARN_ABOUT_RETURN_TYPE = YES_ERROR;
				GCC_WARN_UNDECLARED_SELECTOR = YES;
				GCC_WARN_UNINITIALIZED_AUTOS = YES_AGGRESSIVE;
				GCC_WARN_UNUSED_FUNCTION = YES;
				GCC_WARN_UNUSED_VARIABLE = YES;
				LOCALIZATION_PREFERS_STRING_CATALOGS = YES;
				MACOSX_DEPLOYMENT_TARGET = 15.1;
				MTL_ENABLE_DEBUG_INFO = INCLUDE_SOURCE;
				MTL_FAST_MATH = YES;
				ONLY_ACTIVE_ARCH = YES;
				SDKROOT = macosx;
				SWIFT_ACTIVE_COMPILATION_CONDITIONS = "DEBUG $(inherited)";
				SWIFT_OPTIMIZATION_LEVEL = "-Onone";
				SWIFT_VERSION = 6.0;
			};
			name = Debug;
		};
		961679222CFF100F00B2B6DF /* Release */ = {
			isa = XCBuildConfiguration;
			buildSettings = {
				ALWAYS_SEARCH_USER_PATHS = NO;
				ASSETCATALOG_COMPILER_GENERATE_SWIFT_ASSET_SYMBOL_EXTENSIONS = YES;
				CLANG_ANALYZER_NONNULL = YES;
				CLANG_ANALYZER_NUMBER_OBJECT_CONVERSION = YES_AGGRESSIVE;
				CLANG_CXX_LANGUAGE_STANDARD = "gnu++20";
				CLANG_ENABLE_MODULES = YES;
				CLANG_ENABLE_OBJC_ARC = YES;
				CLANG_ENABLE_OBJC_WEAK = YES;
				CLANG_WARN_BLOCK_CAPTURE_AUTORELEASING = YES;
				CLANG_WARN_BOOL_CONVERSION = YES;
				CLANG_WARN_COMMA = YES;
				CLANG_WARN_CONSTANT_CONVERSION = YES;
				CLANG_WARN_DEPRECATED_OBJC_IMPLEMENTATIONS = YES;
				CLANG_WARN_DIRECT_OBJC_ISA_USAGE = YES_ERROR;
				CLANG_WARN_DOCUMENTATION_COMMENTS = YES;
				CLANG_WARN_EMPTY_BODY = YES;
				CLANG_WARN_ENUM_CONVERSION = YES;
				CLANG_WARN_INFINITE_RECURSION = YES;
				CLANG_WARN_INT_CONVERSION = YES;
				CLANG_WARN_NON_LITERAL_NULL_CONVERSION = YES;
				CLANG_WARN_OBJC_IMPLICIT_RETAIN_SELF = YES;
				CLANG_WARN_OBJC_LITERAL_CONVERSION = YES;
				CLANG_WARN_OBJC_ROOT_CLASS = YES_ERROR;
				CLANG_WARN_QUOTED_INCLUDE_IN_FRAMEWORK_HEADER = YES;
				CLANG_WARN_RANGE_LOOP_ANALYSIS = YES;
				CLANG_WARN_STRICT_PROTOTYPES = YES;
				CLANG_WARN_SUSPICIOUS_MOVE = YES;
				CLANG_WARN_UNGUARDED_AVAILABILITY = YES_AGGRESSIVE;
				CLANG_WARN_UNREACHABLE_CODE = YES;
				CLANG_WARN__DUPLICATE_METHOD_MATCH = YES;
				COPY_PHASE_STRIP = NO;
				DEAD_CODE_STRIPPING = YES;
				DEBUG_INFORMATION_FORMAT = "dwarf-with-dsym";
				ENABLE_NS_ASSERTIONS = NO;
				ENABLE_STRICT_OBJC_MSGSEND = YES;
				ENABLE_USER_SCRIPT_SANDBOXING = YES;
				GCC_C_LANGUAGE_STANDARD = gnu17;
				GCC_NO_COMMON_BLOCKS = YES;
				GCC_WARN_64_TO_32_BIT_CONVERSION = YES;
				GCC_WARN_ABOUT_RETURN_TYPE = YES_ERROR;
				GCC_WARN_UNDECLARED_SELECTOR = YES;
				GCC_WARN_UNINITIALIZED_AUTOS = YES_AGGRESSIVE;
				GCC_WARN_UNUSED_FUNCTION = YES;
				GCC_WARN_UNUSED_VARIABLE = YES;
				LOCALIZATION_PREFERS_STRING_CATALOGS = YES;
				MACOSX_DEPLOYMENT_TARGET = 15.1;
				MTL_ENABLE_DEBUG_INFO = NO;
				MTL_FAST_MATH = YES;
				SDKROOT = macosx;
				SWIFT_COMPILATION_MODE = wholemodule;
				SWIFT_VERSION = 6.0;
			};
			name = Release;
		};
		961679242CFF100F00B2B6DF /* Debug */ = {
			isa = XCBuildConfiguration;
			buildSettings = {
				ASSETCATALOG_COMPILER_APPICON_NAME = AppIcon;
				ASSETCATALOG_COMPILER_GLOBAL_ACCENT_COLOR_NAME = AccentColor;
				CODE_SIGN_ENTITLEMENTS = "Coder Desktop/Coder_Desktop.entitlements";
				CODE_SIGN_STYLE = Automatic;
				COMBINE_HIDPI_IMAGES = YES;
				CURRENT_PROJECT_VERSION = 1;
				DEAD_CODE_STRIPPING = YES;
				DEVELOPMENT_ASSET_PATHS = "\"Coder Desktop/Preview Content\"";
				DEVELOPMENT_TEAM = 4399GN35BJ;
				ENABLE_HARDENED_RUNTIME = YES;
				ENABLE_PREVIEWS = YES;
				GENERATE_INFOPLIST_FILE = YES;
				INFOPLIST_KEY_LSUIElement = YES;
				INFOPLIST_KEY_NSHumanReadableCopyright = "";
				LD_RUNPATH_SEARCH_PATHS = (
					"$(inherited)",
					"@executable_path/../Frameworks",
				);
				MACOSX_DEPLOYMENT_TARGET = 14.0;
				MARKETING_VERSION = 1.0;
				PRODUCT_BUNDLE_IDENTIFIER = "com.coder.Coder-Desktop";
				PRODUCT_NAME = "$(TARGET_NAME)";
				SWIFT_EMIT_LOC_STRINGS = YES;
				SWIFT_VERSION = 6.0;
			};
			name = Debug;
		};
		961679252CFF100F00B2B6DF /* Release */ = {
			isa = XCBuildConfiguration;
			buildSettings = {
				ASSETCATALOG_COMPILER_APPICON_NAME = AppIcon;
				ASSETCATALOG_COMPILER_GLOBAL_ACCENT_COLOR_NAME = AccentColor;
				CODE_SIGN_ENTITLEMENTS = "Coder Desktop/Coder_Desktop.entitlements";
				CODE_SIGN_STYLE = Automatic;
				COMBINE_HIDPI_IMAGES = YES;
				CURRENT_PROJECT_VERSION = 1;
				DEAD_CODE_STRIPPING = YES;
				DEVELOPMENT_ASSET_PATHS = "\"Coder Desktop/Preview Content\"";
				DEVELOPMENT_TEAM = 4399GN35BJ;
				ENABLE_HARDENED_RUNTIME = YES;
				ENABLE_PREVIEWS = YES;
				GENERATE_INFOPLIST_FILE = YES;
				INFOPLIST_KEY_LSUIElement = YES;
				INFOPLIST_KEY_NSHumanReadableCopyright = "";
				LD_RUNPATH_SEARCH_PATHS = (
					"$(inherited)",
					"@executable_path/../Frameworks",
				);
				MACOSX_DEPLOYMENT_TARGET = 14.0;
				MARKETING_VERSION = 1.0;
				PRODUCT_BUNDLE_IDENTIFIER = "com.coder.Coder-Desktop";
				PRODUCT_NAME = "$(TARGET_NAME)";
				SWIFT_EMIT_LOC_STRINGS = YES;
				SWIFT_VERSION = 6.0;
			};
			name = Release;
		};
		961679272CFF100F00B2B6DF /* Debug */ = {
			isa = XCBuildConfiguration;
			buildSettings = {
				BUNDLE_LOADER = "$(TEST_HOST)";
				CODE_SIGN_STYLE = Automatic;
				CURRENT_PROJECT_VERSION = 1;
				DEAD_CODE_STRIPPING = YES;
				DEVELOPMENT_TEAM = 4399GN35BJ;
				GENERATE_INFOPLIST_FILE = YES;
				MACOSX_DEPLOYMENT_TARGET = 14.0;
				MARKETING_VERSION = 1.0;
				PRODUCT_BUNDLE_IDENTIFIER = "com.coder.Coder-DesktopTests";
				PRODUCT_NAME = "$(TARGET_NAME)";
				SWIFT_EMIT_LOC_STRINGS = NO;
				SWIFT_VERSION = 6.0;
				TEST_HOST = "$(BUILT_PRODUCTS_DIR)/Coder Desktop.app/$(BUNDLE_EXECUTABLE_FOLDER_PATH)/Coder Desktop";
			};
			name = Debug;
		};
		961679282CFF100F00B2B6DF /* Release */ = {
			isa = XCBuildConfiguration;
			buildSettings = {
				BUNDLE_LOADER = "$(TEST_HOST)";
				CODE_SIGN_STYLE = Automatic;
				CURRENT_PROJECT_VERSION = 1;
				DEAD_CODE_STRIPPING = YES;
				DEVELOPMENT_TEAM = 4399GN35BJ;
				GENERATE_INFOPLIST_FILE = YES;
				MACOSX_DEPLOYMENT_TARGET = 14.0;
				MARKETING_VERSION = 1.0;
				PRODUCT_BUNDLE_IDENTIFIER = "com.coder.Coder-DesktopTests";
				PRODUCT_NAME = "$(TARGET_NAME)";
				SWIFT_EMIT_LOC_STRINGS = NO;
				SWIFT_VERSION = 6.0;
				TEST_HOST = "$(BUILT_PRODUCTS_DIR)/Coder Desktop.app/$(BUNDLE_EXECUTABLE_FOLDER_PATH)/Coder Desktop";
			};
			name = Release;
		};
		9616792A2CFF100F00B2B6DF /* Debug */ = {
			isa = XCBuildConfiguration;
			buildSettings = {
				CODE_SIGN_STYLE = Automatic;
				CURRENT_PROJECT_VERSION = 1;
				DEAD_CODE_STRIPPING = YES;
				DEVELOPMENT_TEAM = 4399GN35BJ;
				GENERATE_INFOPLIST_FILE = YES;
				MACOSX_DEPLOYMENT_TARGET = 14.6;
				MARKETING_VERSION = 1.0;
				PRODUCT_BUNDLE_IDENTIFIER = "com.coder.Coder-DesktopUITests";
				PRODUCT_NAME = "$(TARGET_NAME)";
				SWIFT_EMIT_LOC_STRINGS = NO;
				SWIFT_VERSION = 6.0;
				TEST_TARGET_NAME = "Coder Desktop";
			};
			name = Debug;
		};
		9616792B2CFF100F00B2B6DF /* Release */ = {
			isa = XCBuildConfiguration;
			buildSettings = {
				CODE_SIGN_STYLE = Automatic;
				CURRENT_PROJECT_VERSION = 1;
				DEAD_CODE_STRIPPING = YES;
				DEVELOPMENT_TEAM = 4399GN35BJ;
				GENERATE_INFOPLIST_FILE = YES;
				MACOSX_DEPLOYMENT_TARGET = 14.6;
				MARKETING_VERSION = 1.0;
				PRODUCT_BUNDLE_IDENTIFIER = "com.coder.Coder-DesktopUITests";
				PRODUCT_NAME = "$(TARGET_NAME)";
				SWIFT_EMIT_LOC_STRINGS = NO;
				SWIFT_VERSION = 6.0;
				TEST_TARGET_NAME = "Coder Desktop";
			};
			name = Release;
		};
		961679402CFF117300B2B6DF /* Debug */ = {
			isa = XCBuildConfiguration;
			buildSettings = {
				CODE_SIGN_ENTITLEMENTS = VPN/VPN.entitlements;
				CODE_SIGN_STYLE = Automatic;
				CURRENT_PROJECT_VERSION = 1;
				DEAD_CODE_STRIPPING = YES;
				DEVELOPMENT_TEAM = 4399GN35BJ;
				ENABLE_HARDENED_RUNTIME = YES;
				GENERATE_INFOPLIST_FILE = YES;
				INFOPLIST_FILE = VPN/Info.plist;
				INFOPLIST_KEY_CFBundleDisplayName = VPN;
				INFOPLIST_KEY_NSHumanReadableCopyright = "";
				LD_RUNPATH_SEARCH_PATHS = (
					"$(inherited)",
					"@executable_path/../Frameworks",
					"@executable_path/../../../../Frameworks",
				);
				MARKETING_VERSION = 1.0;
				PRODUCT_BUNDLE_IDENTIFIER = "com.coder.Coder-Desktop.VPN";
				PRODUCT_NAME = "$(inherited)";
				SKIP_INSTALL = YES;
				SWIFT_EMIT_LOC_STRINGS = YES;
				SWIFT_VERSION = 6.0;
			};
			name = Debug;
		};
		961679412CFF117300B2B6DF /* Release */ = {
			isa = XCBuildConfiguration;
			buildSettings = {
				CODE_SIGN_ENTITLEMENTS = VPN/VPN.entitlements;
				CODE_SIGN_STYLE = Automatic;
				CURRENT_PROJECT_VERSION = 1;
				DEAD_CODE_STRIPPING = YES;
				DEVELOPMENT_TEAM = 4399GN35BJ;
				ENABLE_HARDENED_RUNTIME = YES;
				GENERATE_INFOPLIST_FILE = YES;
				INFOPLIST_FILE = VPN/Info.plist;
				INFOPLIST_KEY_CFBundleDisplayName = VPN;
				INFOPLIST_KEY_NSHumanReadableCopyright = "";
				LD_RUNPATH_SEARCH_PATHS = (
					"$(inherited)",
					"@executable_path/../Frameworks",
					"@executable_path/../../../../Frameworks",
				);
				MARKETING_VERSION = 1.0;
				PRODUCT_BUNDLE_IDENTIFIER = "com.coder.Coder-Desktop.VPN";
				PRODUCT_NAME = "$(inherited)";
				SKIP_INSTALL = YES;
				SWIFT_EMIT_LOC_STRINGS = YES;
				SWIFT_VERSION = 6.0;
			};
			name = Release;
		};
		961679E02D030E1D00B2B6DF /* Debug */ = {
			isa = XCBuildConfiguration;
			buildSettings = {
				BUNDLE_LOADER = "$(TEST_HOST)";
				CODE_SIGN_STYLE = Automatic;
				CURRENT_PROJECT_VERSION = 1;
				DEAD_CODE_STRIPPING = YES;
				DEVELOPMENT_TEAM = 4399GN35BJ;
				GENERATE_INFOPLIST_FILE = YES;
				MARKETING_VERSION = 1.0;
				PRODUCT_BUNDLE_IDENTIFIER = "com.coder.Coder-Desktop.ProtoTests";
				PRODUCT_NAME = "$(TARGET_NAME)";
				SWIFT_EMIT_LOC_STRINGS = NO;
				SWIFT_VERSION = 6.0;
				TEST_HOST = "$(BUILT_PRODUCTS_DIR)/Coder Desktop.app/$(BUNDLE_EXECUTABLE_FOLDER_PATH)/Coder Desktop";
			};
			name = Debug;
		};
		961679E12D030E1D00B2B6DF /* Release */ = {
			isa = XCBuildConfiguration;
			buildSettings = {
				BUNDLE_LOADER = "$(TEST_HOST)";
				CODE_SIGN_STYLE = Automatic;
				CURRENT_PROJECT_VERSION = 1;
				DEAD_CODE_STRIPPING = YES;
				DEVELOPMENT_TEAM = 4399GN35BJ;
				GENERATE_INFOPLIST_FILE = YES;
				MARKETING_VERSION = 1.0;
				PRODUCT_BUNDLE_IDENTIFIER = "com.coder.Coder-Desktop.ProtoTests";
				PRODUCT_NAME = "$(TARGET_NAME)";
				SWIFT_EMIT_LOC_STRINGS = NO;
				SWIFT_VERSION = 6.0;
				TEST_HOST = "$(BUILT_PRODUCTS_DIR)/Coder Desktop.app/$(BUNDLE_EXECUTABLE_FOLDER_PATH)/Coder Desktop";
			};
			name = Release;
		};
/* End XCBuildConfiguration section */

/* Begin XCConfigurationList section */
		961678F72CFF100D00B2B6DF /* Build configuration list for PBXProject "Coder Desktop" */ = {
			isa = XCConfigurationList;
			buildConfigurations = (
				961679212CFF100F00B2B6DF /* Debug */,
				961679222CFF100F00B2B6DF /* Release */,
			);
			defaultConfigurationIsVisible = 0;
			defaultConfigurationName = Release;
		};
		961679232CFF100F00B2B6DF /* Build configuration list for PBXNativeTarget "Coder Desktop" */ = {
			isa = XCConfigurationList;
			buildConfigurations = (
				961679242CFF100F00B2B6DF /* Debug */,
				961679252CFF100F00B2B6DF /* Release */,
			);
			defaultConfigurationIsVisible = 0;
			defaultConfigurationName = Release;
		};
		961679262CFF100F00B2B6DF /* Build configuration list for PBXNativeTarget "Coder DesktopTests" */ = {
			isa = XCConfigurationList;
			buildConfigurations = (
				961679272CFF100F00B2B6DF /* Debug */,
				961679282CFF100F00B2B6DF /* Release */,
			);
			defaultConfigurationIsVisible = 0;
			defaultConfigurationName = Release;
		};
		961679292CFF100F00B2B6DF /* Build configuration list for PBXNativeTarget "Coder DesktopUITests" */ = {
			isa = XCConfigurationList;
			buildConfigurations = (
				9616792A2CFF100F00B2B6DF /* Debug */,
				9616792B2CFF100F00B2B6DF /* Release */,
			);
			defaultConfigurationIsVisible = 0;
			defaultConfigurationName = Release;
		};
		9616793F2CFF117300B2B6DF /* Build configuration list for PBXNativeTarget "VPN" */ = {
			isa = XCConfigurationList;
			buildConfigurations = (
				961679402CFF117300B2B6DF /* Debug */,
				961679412CFF117300B2B6DF /* Release */,
			);
			defaultConfigurationIsVisible = 0;
			defaultConfigurationName = Release;
		};
		961679DF2D030E1D00B2B6DF /* Build configuration list for PBXNativeTarget "ProtoTests" */ = {
			isa = XCConfigurationList;
			buildConfigurations = (
				961679E02D030E1D00B2B6DF /* Debug */,
				961679E12D030E1D00B2B6DF /* Release */,
			);
			defaultConfigurationIsVisible = 0;
			defaultConfigurationName = Release;
		};
/* End XCConfigurationList section */

/* Begin XCRemoteSwiftPackageReference section */
		961679512CFF207900B2B6DF /* XCRemoteSwiftPackageReference "swift-protobuf" */ = {
			isa = XCRemoteSwiftPackageReference;
			repositoryURL = "https://github.com/apple/swift-protobuf.git";
			requirement = {
				kind = exactVersion;
				version = 1.28.2;
			};
		};
		AA8BC3372D00609700E1ABAA /* XCRemoteSwiftPackageReference "ViewInspector" */ = {
			isa = XCRemoteSwiftPackageReference;
			repositoryURL = "https://github.com/nalexn/ViewInspector";
			requirement = {
				kind = upToNextMajorVersion;
				minimumVersion = 0.10.0;
			};
		};
		AA8BC33A2D0060C500E1ABAA /* XCRemoteSwiftPackageReference "SwiftLintPlugins" */ = {
			isa = XCRemoteSwiftPackageReference;
			repositoryURL = "https://github.com/SimplyDanny/SwiftLintPlugins";
			requirement = {
				kind = upToNextMajorVersion;
				minimumVersion = 0.57.1;
			};
		};
		AA8BC33D2D0061F200E1ABAA /* XCRemoteSwiftPackageReference "fluid-menu-bar-extra" */ = {
			isa = XCRemoteSwiftPackageReference;
			repositoryURL = "https://github.com/lfroms/fluid-menu-bar-extra";
			requirement = {
				kind = upToNextMajorVersion;
				minimumVersion = 1.1.0;
			};
		};
		AA8BC4CD2D00A4B700E1ABAA /* XCRemoteSwiftPackageReference "KeychainAccess" */ = {
			isa = XCRemoteSwiftPackageReference;
			repositoryURL = "https://github.com/kishikawakatsumi/KeychainAccess";
			requirement = {
				branch = e0c7eebc5a4465a3c4680764f26b7a61f567cdaf;
				kind = branch;
			};
		};
		AAD720CE2D0816B200F6304D /* XCRemoteSwiftPackageReference "Alamofire" */ = {
			isa = XCRemoteSwiftPackageReference;
			repositoryURL = "https://github.com/Alamofire/Alamofire";
			requirement = {
				kind = upToNextMajorVersion;
				minimumVersion = 5.10.2;
			};
		};
/* End XCRemoteSwiftPackageReference section */

/* Begin XCSwiftPackageProductDependency section */
		961679522CFF207900B2B6DF /* SwiftProtobuf */ = {
			isa = XCSwiftPackageProductDependency;
			package = 961679512CFF207900B2B6DF /* XCRemoteSwiftPackageReference "swift-protobuf" */;
			productName = SwiftProtobuf;
		};
		961679542CFF207900B2B6DF /* SwiftProtobufPluginLibrary */ = {
			isa = XCSwiftPackageProductDependency;
			package = 961679512CFF207900B2B6DF /* XCRemoteSwiftPackageReference "swift-protobuf" */;
			productName = SwiftProtobufPluginLibrary;
		};
		961679E22D03144900B2B6DF /* SwiftProtobuf */ = {
			isa = XCSwiftPackageProductDependency;
			package = 961679512CFF207900B2B6DF /* XCRemoteSwiftPackageReference "swift-protobuf" */;
			productName = SwiftProtobuf;
		};
		961679E42D03144C00B2B6DF /* SwiftProtobufPluginLibrary */ = {
			isa = XCSwiftPackageProductDependency;
			package = 961679512CFF207900B2B6DF /* XCRemoteSwiftPackageReference "swift-protobuf" */;
			productName = SwiftProtobufPluginLibrary;
		};
		AA8BC3382D0060A900E1ABAA /* ViewInspector */ = {
			isa = XCSwiftPackageProductDependency;
			package = AA8BC3372D00609700E1ABAA /* XCRemoteSwiftPackageReference "ViewInspector" */;
			productName = ViewInspector;
		};
		AA8BC33B2D0060E700E1ABAA /* SwiftLintBuildToolPlugin */ = {
			isa = XCSwiftPackageProductDependency;
			package = AA8BC33A2D0060C500E1ABAA /* XCRemoteSwiftPackageReference "SwiftLintPlugins" */;
			productName = "plugin:SwiftLintBuildToolPlugin";
		};
		AA8BC33E2D0061F200E1ABAA /* FluidMenuBarExtra */ = {
			isa = XCSwiftPackageProductDependency;
			package = AA8BC33D2D0061F200E1ABAA /* XCRemoteSwiftPackageReference "fluid-menu-bar-extra" */;
			productName = FluidMenuBarExtra;
		};
		AA8BC4CE2D00A4B700E1ABAA /* KeychainAccess */ = {
			isa = XCSwiftPackageProductDependency;
			package = AA8BC4CD2D00A4B700E1ABAA /* XCRemoteSwiftPackageReference "KeychainAccess" */;
			productName = KeychainAccess;
		};
		AAD720CF2D0816B200F6304D /* Alamofire */ = {
			isa = XCSwiftPackageProductDependency;
			package = AAD720CE2D0816B200F6304D /* XCRemoteSwiftPackageReference "Alamofire" */;
			productName = Alamofire;
		};
/* End XCSwiftPackageProductDependency section */
	};
	rootObject = 961678F42CFF100D00B2B6DF /* Project object */;
}
