// !$*UTF8*$!
{
	archiveVersion = 1;
	classes = {
	};
	objectVersion = 77;
	objects = {

/* Begin PBXBuildFile section */
		3B0916A92D41CFD50064DEA8 /* VPNXPC.framework in Frameworks */ = {isa = PBXBuildFile; fileRef = 3B0916A12D41CFD50064DEA8 /* VPNXPC.framework */; };
		961679332CFF117300B2B6DF /* NetworkExtension.framework in Frameworks */ = {isa = PBXBuildFile; fileRef = 961679322CFF117300B2B6DF /* NetworkExtension.framework */; };
		9616793D2CFF117300B2B6DF /* com.coder.Coder-Desktop.VPN.systemextension in Embed System Extensions */ = {isa = PBXBuildFile; fileRef = 961679302CFF117300B2B6DF /* com.coder.Coder-Desktop.VPN.systemextension */; settings = {ATTRIBUTES = (RemoveHeadersOnCopy, ); }; };
		AA2C690F2D34F6920059AFAF /* LaunchAtLogin in Frameworks */ = {isa = PBXBuildFile; productRef = AA2C690E2D34F6920059AFAF /* LaunchAtLogin */; };
		AA3B3DA92D2D23860099996A /* VPNLib.framework in Frameworks */ = {isa = PBXBuildFile; fileRef = AA3B3DA12D2D23860099996A /* VPNLib.framework */; };
		AA3B3DBF2D2D23AB0099996A /* SwiftProtobuf in Frameworks */ = {isa = PBXBuildFile; productRef = AA3B3DBE2D2D23AB0099996A /* SwiftProtobuf */; };
		AA3B3DC12D2D23AB0099996A /* SwiftProtobufPluginLibrary in Frameworks */ = {isa = PBXBuildFile; productRef = AA3B3DC02D2D23AB0099996A /* SwiftProtobufPluginLibrary */; };
		AA3B3DCD2D2D249F0099996A /* VPNLib.framework in Frameworks */ = {isa = PBXBuildFile; fileRef = AA3B3DA12D2D23860099996A /* VPNLib.framework */; };
		AA3B3DCE2D2D249F0099996A /* VPNLib.framework in Embed Frameworks */ = {isa = PBXBuildFile; fileRef = AA3B3DA12D2D23860099996A /* VPNLib.framework */; settings = {ATTRIBUTES = (CodeSignOnCopy, RemoveHeadersOnCopy, ); }; };
		AA3B3E8E2D2E0FF40099996A /* Mocker in Frameworks */ = {isa = PBXBuildFile; productRef = AA3B3E8D2D2E0FF40099996A /* Mocker */; };
		AA3B40992D2FC8560099996A /* CoderSDK.framework in Frameworks */ = {isa = PBXBuildFile; fileRef = AA3B40912D2FC8560099996A /* CoderSDK.framework */; };
		AA3B40B62D2FD9DD0099996A /* Mocker in Frameworks */ = {isa = PBXBuildFile; productRef = AA3B40B52D2FD9DD0099996A /* Mocker */; };
		AA3B40B72D2FDA5C0099996A /* CoderSDK.framework in Frameworks */ = {isa = PBXBuildFile; fileRef = AA3B40912D2FC8560099996A /* CoderSDK.framework */; };
		AA3B40BD2D2FDFBA0099996A /* Mocker in Frameworks */ = {isa = PBXBuildFile; productRef = AA3B40BC2D2FDFBA0099996A /* Mocker */; };
		AA3B40C02D2FE7760099996A /* CoderSDK.framework in Frameworks */ = {isa = PBXBuildFile; fileRef = AA3B40912D2FC8560099996A /* CoderSDK.framework */; };
		AA8BC3392D0060A900E1ABAA /* ViewInspector in Frameworks */ = {isa = PBXBuildFile; productRef = AA8BC3382D0060A900E1ABAA /* ViewInspector */; };
		AA8BC33F2D0061F200E1ABAA /* FluidMenuBarExtra in Frameworks */ = {isa = PBXBuildFile; productRef = AA8BC33E2D0061F200E1ABAA /* FluidMenuBarExtra */; };
		AA8BC4CF2D00A4B700E1ABAA /* KeychainAccess in Frameworks */ = {isa = PBXBuildFile; productRef = AA8BC4CE2D00A4B700E1ABAA /* KeychainAccess */; };
		AAC382352D427B7600F6DFB4 /* CoderSDK.framework in Frameworks */ = {isa = PBXBuildFile; fileRef = AA3B40912D2FC8560099996A /* CoderSDK.framework */; };
		AAC382362D427B7600F6DFB4 /* CoderSDK.framework in Embed Frameworks */ = {isa = PBXBuildFile; fileRef = AA3B40912D2FC8560099996A /* CoderSDK.framework */; settings = {ATTRIBUTES = (CodeSignOnCopy, RemoveHeadersOnCopy, ); }; };
		AAC382392D427B8300F6DFB4 /* CoderSDK.framework in Frameworks */ = {isa = PBXBuildFile; fileRef = AA3B40912D2FC8560099996A /* CoderSDK.framework */; };
		AAC3823A2D427B8300F6DFB4 /* CoderSDK.framework in Embed Frameworks */ = {isa = PBXBuildFile; fileRef = AA3B40912D2FC8560099996A /* CoderSDK.framework */; settings = {ATTRIBUTES = (CodeSignOnCopy, RemoveHeadersOnCopy, ); }; };
/* End PBXBuildFile section */

/* Begin PBXContainerItemProxy section */
		3B0916A72D41CFD50064DEA8 /* PBXContainerItemProxy */ = {
			isa = PBXContainerItemProxy;
			containerPortal = 961678F42CFF100D00B2B6DF /* Project object */;
			proxyType = 1;
			remoteGlobalIDString = 3B0916A02D41CFD50064DEA8;
			remoteInfo = VPNXPC;
		};
		961679102CFF100E00B2B6DF /* PBXContainerItemProxy */ = {
			isa = PBXContainerItemProxy;
			containerPortal = 961678F42CFF100D00B2B6DF /* Project object */;
			proxyType = 1;
			remoteGlobalIDString = 961678FB2CFF100D00B2B6DF;
			remoteInfo = "Coder Desktop";
		};
		9616791A2CFF100E00B2B6DF /* PBXContainerItemProxy */ = {
			isa = PBXContainerItemProxy;
			containerPortal = 961678F42CFF100D00B2B6DF /* Project object */;
			proxyType = 1;
			remoteGlobalIDString = 961678FB2CFF100D00B2B6DF;
			remoteInfo = "Coder Desktop";
		};
		9616793B2CFF117300B2B6DF /* PBXContainerItemProxy */ = {
			isa = PBXContainerItemProxy;
			containerPortal = 961678F42CFF100D00B2B6DF /* Project object */;
			proxyType = 1;
			remoteGlobalIDString = 9616792F2CFF117300B2B6DF;
			remoteInfo = VPN;
		};
		AA3B3DAA2D2D23860099996A /* PBXContainerItemProxy */ = {
			isa = PBXContainerItemProxy;
			containerPortal = 961678F42CFF100D00B2B6DF /* Project object */;
			proxyType = 1;
			remoteGlobalIDString = AA3B3DA02D2D23860099996A;
			remoteInfo = VPNLib;
		};
		AA3B3DAC2D2D23860099996A /* PBXContainerItemProxy */ = {
			isa = PBXContainerItemProxy;
			containerPortal = 961678F42CFF100D00B2B6DF /* Project object */;
			proxyType = 1;
			remoteGlobalIDString = 961678FB2CFF100D00B2B6DF;
			remoteInfo = "Coder Desktop";
		};
		AA3B3DCF2D2D249F0099996A /* PBXContainerItemProxy */ = {
			isa = PBXContainerItemProxy;
			containerPortal = 961678F42CFF100D00B2B6DF /* Project object */;
			proxyType = 1;
			remoteGlobalIDString = AA3B3DA02D2D23860099996A;
			remoteInfo = VPNLib;
		};
		AA3B409A2D2FC8560099996A /* PBXContainerItemProxy */ = {
			isa = PBXContainerItemProxy;
			containerPortal = 961678F42CFF100D00B2B6DF /* Project object */;
			proxyType = 1;
			remoteGlobalIDString = AA3B40902D2FC8560099996A;
			remoteInfo = CoderSDK;
		};
		AA3B409C2D2FC8560099996A /* PBXContainerItemProxy */ = {
			isa = PBXContainerItemProxy;
			containerPortal = 961678F42CFF100D00B2B6DF /* Project object */;
			proxyType = 1;
			remoteGlobalIDString = 961678FB2CFF100D00B2B6DF;
			remoteInfo = "Coder Desktop";
		};
		AA3B40A22D2FC8560099996A /* PBXContainerItemProxy */ = {
			isa = PBXContainerItemProxy;
			containerPortal = 961678F42CFF100D00B2B6DF /* Project object */;
			proxyType = 1;
			remoteGlobalIDString = AA3B40902D2FC8560099996A;
			remoteInfo = CoderSDK;
		};
		AA3B40B92D2FDA5C0099996A /* PBXContainerItemProxy */ = {
			isa = PBXContainerItemProxy;
			containerPortal = 961678F42CFF100D00B2B6DF /* Project object */;
			proxyType = 1;
			remoteGlobalIDString = AA3B40902D2FC8560099996A;
			remoteInfo = CoderSDK;
		};
		AA3B40C22D2FE7760099996A /* PBXContainerItemProxy */ = {
			isa = PBXContainerItemProxy;
			containerPortal = 961678F42CFF100D00B2B6DF /* Project object */;
			proxyType = 1;
			remoteGlobalIDString = AA3B40902D2FC8560099996A;
			remoteInfo = CoderSDK;
		};
		AAC382372D427B7600F6DFB4 /* PBXContainerItemProxy */ = {
			isa = PBXContainerItemProxy;
			containerPortal = 961678F42CFF100D00B2B6DF /* Project object */;
			proxyType = 1;
			remoteGlobalIDString = AA3B40902D2FC8560099996A;
			remoteInfo = CoderSDK;
		};
/* End PBXContainerItemProxy section */

/* Begin PBXCopyFilesBuildPhase section */
		3B0916622D41B9690064DEA8 /* Embed XPC Services */ = {
			isa = PBXCopyFilesBuildPhase;
			buildActionMask = 2147483647;
			dstPath = "$(CONTENTS_FOLDER_PATH)/XPCServices";
			dstSubfolderSpec = 16;
			files = (
			);
			name = "Embed XPC Services";
			runOnlyForDeploymentPostprocessing = 0;
		};
		961679422CFF117300B2B6DF /* Embed System Extensions */ = {
			isa = PBXCopyFilesBuildPhase;
			buildActionMask = 2147483647;
			dstPath = "$(SYSTEM_EXTENSIONS_FOLDER_PATH)";
			dstSubfolderSpec = 16;
			files = (
				9616793D2CFF117300B2B6DF /* com.coder.Coder-Desktop.VPN.systemextension in Embed System Extensions */,
			);
			name = "Embed System Extensions";
			runOnlyForDeploymentPostprocessing = 0;
		};
		AA32A0E32D2D21A3004D6733 /* Embed Frameworks */ = {
			isa = PBXCopyFilesBuildPhase;
			buildActionMask = 2147483647;
			dstPath = "";
			dstSubfolderSpec = 10;
			files = (
				AA3B3DCE2D2D249F0099996A /* VPNLib.framework in Embed Frameworks */,
				AAC382362D427B7600F6DFB4 /* CoderSDK.framework in Embed Frameworks */,
			);
			name = "Embed Frameworks";
			runOnlyForDeploymentPostprocessing = 0;
		};
		AAC3823B2D427B8300F6DFB4 /* Embed Frameworks */ = {
			isa = PBXCopyFilesBuildPhase;
			buildActionMask = 2147483647;
			dstPath = "";
			dstSubfolderSpec = 10;
			files = (
				AAC3823A2D427B8300F6DFB4 /* CoderSDK.framework in Embed Frameworks */,
			);
			name = "Embed Frameworks";
			runOnlyForDeploymentPostprocessing = 0;
		};
/* End PBXCopyFilesBuildPhase section */

/* Begin PBXFileReference section */
		3B0916A12D41CFD50064DEA8 /* VPNXPC.framework */ = {isa = PBXFileReference; explicitFileType = wrapper.framework; includeInIndex = 0; path = VPNXPC.framework; sourceTree = BUILT_PRODUCTS_DIR; };
		961678FC2CFF100D00B2B6DF /* Coder Desktop.app */ = {isa = PBXFileReference; explicitFileType = wrapper.application; includeInIndex = 0; path = "Coder Desktop.app"; sourceTree = BUILT_PRODUCTS_DIR; };
		9616790F2CFF100E00B2B6DF /* Coder DesktopTests.xctest */ = {isa = PBXFileReference; explicitFileType = wrapper.cfbundle; includeInIndex = 0; path = "Coder DesktopTests.xctest"; sourceTree = BUILT_PRODUCTS_DIR; };
		961679192CFF100E00B2B6DF /* Coder DesktopUITests.xctest */ = {isa = PBXFileReference; explicitFileType = wrapper.cfbundle; includeInIndex = 0; path = "Coder DesktopUITests.xctest"; sourceTree = BUILT_PRODUCTS_DIR; };
		961679302CFF117300B2B6DF /* com.coder.Coder-Desktop.VPN.systemextension */ = {isa = PBXFileReference; explicitFileType = "wrapper.system-extension"; includeInIndex = 0; path = "com.coder.Coder-Desktop.VPN.systemextension"; sourceTree = BUILT_PRODUCTS_DIR; };
		961679322CFF117300B2B6DF /* NetworkExtension.framework */ = {isa = PBXFileReference; lastKnownFileType = wrapper.framework; name = NetworkExtension.framework; path = System/Library/Frameworks/NetworkExtension.framework; sourceTree = SDKROOT; };
		AA3B3DA12D2D23860099996A /* VPNLib.framework */ = {isa = PBXFileReference; explicitFileType = wrapper.framework; includeInIndex = 0; path = VPNLib.framework; sourceTree = BUILT_PRODUCTS_DIR; };
		AA3B3DA82D2D23860099996A /* VPNLibTests.xctest */ = {isa = PBXFileReference; explicitFileType = wrapper.cfbundle; includeInIndex = 0; path = VPNLibTests.xctest; sourceTree = BUILT_PRODUCTS_DIR; };
		AA3B40912D2FC8560099996A /* CoderSDK.framework */ = {isa = PBXFileReference; explicitFileType = wrapper.framework; includeInIndex = 0; path = CoderSDK.framework; sourceTree = BUILT_PRODUCTS_DIR; };
		AA3B40982D2FC8560099996A /* CoderSDKTests.xctest */ = {isa = PBXFileReference; explicitFileType = wrapper.cfbundle; includeInIndex = 0; path = CoderSDKTests.xctest; sourceTree = BUILT_PRODUCTS_DIR; };
/* End PBXFileReference section */

/* Begin PBXFileSystemSynchronizedBuildFileExceptionSet section */
		3B0916AB2D41CFD50064DEA8 /* Exceptions for "VPNXPC" folder in "VPNXPC" target */ = {
			isa = PBXFileSystemSynchronizedBuildFileExceptionSet;
			publicHeaders = (
				VPNXPC.h,
			);
			target = 3B0916A02D41CFD50064DEA8 /* VPNXPC */;
		};
		AA3B3DB62D2D23860099996A /* Exceptions for "VPNLib" folder in "VPNLib" target */ = {
			isa = PBXFileSystemSynchronizedBuildFileExceptionSet;
			membershipExceptions = (
				vpn.proto,
			);
			publicHeaders = (
				VPNLib.h,
			);
			target = AA3B3DA02D2D23860099996A /* VPNLib */;
		};
		AA3B40A62D2FC8560099996A /* Exceptions for "CoderSDK" folder in "CoderSDK" target */ = {
			isa = PBXFileSystemSynchronizedBuildFileExceptionSet;
			publicHeaders = (
				CoderSDK.h,
			);
			target = AA3B40902D2FC8560099996A /* CoderSDK */;
		};
		AA3C69C12D2D15D200A45481 /* Exceptions for "VPN" folder in "VPN" target */ = {
			isa = PBXFileSystemSynchronizedBuildFileExceptionSet;
			membershipExceptions = (
				Info.plist,
			);
			target = 9616792F2CFF117300B2B6DF /* VPN */;
		};
/* End PBXFileSystemSynchronizedBuildFileExceptionSet section */

/* Begin PBXFileSystemSynchronizedRootGroup section */
		3B0916A22D41CFD50064DEA8 /* VPNXPC */ = {
			isa = PBXFileSystemSynchronizedRootGroup;
			exceptions = (
				3B0916AB2D41CFD50064DEA8 /* Exceptions for "VPNXPC" folder in "VPNXPC" target */,
			);
			path = VPNXPC;
			sourceTree = "<group>";
		};
		961678FE2CFF100D00B2B6DF /* Coder Desktop */ = {
			isa = PBXFileSystemSynchronizedRootGroup;
			path = "Coder Desktop";
			sourceTree = "<group>";
		};
		961679122CFF100E00B2B6DF /* Coder DesktopTests */ = {
			isa = PBXFileSystemSynchronizedRootGroup;
			path = "Coder DesktopTests";
			sourceTree = "<group>";
		};
		9616791C2CFF100E00B2B6DF /* Coder DesktopUITests */ = {
			isa = PBXFileSystemSynchronizedRootGroup;
			path = "Coder DesktopUITests";
			sourceTree = "<group>";
		};
		AA3B3DA22D2D23860099996A /* VPNLib */ = {
			isa = PBXFileSystemSynchronizedRootGroup;
			exceptions = (
				AA3B3DB62D2D23860099996A /* Exceptions for "VPNLib" folder in "VPNLib" target */,
			);
			path = VPNLib;
			sourceTree = "<group>";
		};
		AA3B3DAE2D2D23860099996A /* VPNLibTests */ = {
			isa = PBXFileSystemSynchronizedRootGroup;
			path = VPNLibTests;
			sourceTree = "<group>";
		};
		AA3B40922D2FC8560099996A /* CoderSDK */ = {
			isa = PBXFileSystemSynchronizedRootGroup;
			exceptions = (
				AA3B40A62D2FC8560099996A /* Exceptions for "CoderSDK" folder in "CoderSDK" target */,
			);
			path = CoderSDK;
			sourceTree = "<group>";
		};
		AA3B409E2D2FC8560099996A /* CoderSDKTests */ = {
			isa = PBXFileSystemSynchronizedRootGroup;
			path = CoderSDKTests;
			sourceTree = "<group>";
		};
		AA3C69AD2D2D143400A45481 /* VPN */ = {
			isa = PBXFileSystemSynchronizedRootGroup;
			exceptions = (
				AA3C69C12D2D15D200A45481 /* Exceptions for "VPN" folder in "VPN" target */,
			);
			path = VPN;
			sourceTree = "<group>";
		};
/* End PBXFileSystemSynchronizedRootGroup section */

/* Begin PBXFrameworksBuildPhase section */
		3B09169E2D41CFD50064DEA8 /* Frameworks */ = {
			isa = PBXFrameworksBuildPhase;
			buildActionMask = 2147483647;
			files = (
			);
			runOnlyForDeploymentPostprocessing = 0;
		};
		961678F92CFF100D00B2B6DF /* Frameworks */ = {
			isa = PBXFrameworksBuildPhase;
			buildActionMask = 2147483647;
			files = (
				AA8BC4CF2D00A4B700E1ABAA /* KeychainAccess in Frameworks */,
				AAC382392D427B8300F6DFB4 /* CoderSDK.framework in Frameworks */,
				AA2C690F2D34F6920059AFAF /* LaunchAtLogin in Frameworks */,
				AA8BC33F2D0061F200E1ABAA /* FluidMenuBarExtra in Frameworks */,
				3B0916A92D41CFD50064DEA8 /* VPNXPC.framework in Frameworks */,
			);
			runOnlyForDeploymentPostprocessing = 0;
		};
		9616790C2CFF100E00B2B6DF /* Frameworks */ = {
			isa = PBXFrameworksBuildPhase;
			buildActionMask = 2147483647;
			files = (
				AA8BC3392D0060A900E1ABAA /* ViewInspector in Frameworks */,
				AA3B40B72D2FDA5C0099996A /* CoderSDK.framework in Frameworks */,
				AA3B40B62D2FD9DD0099996A /* Mocker in Frameworks */,
			);
			runOnlyForDeploymentPostprocessing = 0;
		};
		961679162CFF100E00B2B6DF /* Frameworks */ = {
			isa = PBXFrameworksBuildPhase;
			buildActionMask = 2147483647;
			files = (
			);
			runOnlyForDeploymentPostprocessing = 0;
		};
		9616792D2CFF117300B2B6DF /* Frameworks */ = {
			isa = PBXFrameworksBuildPhase;
			buildActionMask = 2147483647;
			files = (
				961679332CFF117300B2B6DF /* NetworkExtension.framework in Frameworks */,
				AAC382352D427B7600F6DFB4 /* CoderSDK.framework in Frameworks */,
				AA3B3DCD2D2D249F0099996A /* VPNLib.framework in Frameworks */,
			);
			runOnlyForDeploymentPostprocessing = 0;
		};
		AA3B3D9E2D2D23860099996A /* Frameworks */ = {
			isa = PBXFrameworksBuildPhase;
			buildActionMask = 2147483647;
			files = (
				AA3B3DC12D2D23AB0099996A /* SwiftProtobufPluginLibrary in Frameworks */,
				AA3B40C02D2FE7760099996A /* CoderSDK.framework in Frameworks */,
				AA3B3DBF2D2D23AB0099996A /* SwiftProtobuf in Frameworks */,
			);
			runOnlyForDeploymentPostprocessing = 0;
		};
		AA3B3DA52D2D23860099996A /* Frameworks */ = {
			isa = PBXFrameworksBuildPhase;
			buildActionMask = 2147483647;
			files = (
				AA3B3DA92D2D23860099996A /* VPNLib.framework in Frameworks */,
				AA3B3E8E2D2E0FF40099996A /* Mocker in Frameworks */,
			);
			runOnlyForDeploymentPostprocessing = 0;
		};
		AA3B408E2D2FC8560099996A /* Frameworks */ = {
			isa = PBXFrameworksBuildPhase;
			buildActionMask = 2147483647;
			files = (
			);
			runOnlyForDeploymentPostprocessing = 0;
		};
		AA3B40952D2FC8560099996A /* Frameworks */ = {
			isa = PBXFrameworksBuildPhase;
			buildActionMask = 2147483647;
			files = (
				AA3B40992D2FC8560099996A /* CoderSDK.framework in Frameworks */,
				AA3B40BD2D2FDFBA0099996A /* Mocker in Frameworks */,
			);
			runOnlyForDeploymentPostprocessing = 0;
		};
/* End PBXFrameworksBuildPhase section */

/* Begin PBXGroup section */
		961678F32CFF100D00B2B6DF = {
			isa = PBXGroup;
			children = (
				961678FE2CFF100D00B2B6DF /* Coder Desktop */,
				AA3C69AD2D2D143400A45481 /* VPN */,
				961679122CFF100E00B2B6DF /* Coder DesktopTests */,
				9616791C2CFF100E00B2B6DF /* Coder DesktopUITests */,
				AA3B3DA22D2D23860099996A /* VPNLib */,
				AA3B3DAE2D2D23860099996A /* VPNLibTests */,
				AA3B40922D2FC8560099996A /* CoderSDK */,
				AA3B409E2D2FC8560099996A /* CoderSDKTests */,
				3B0916A22D41CFD50064DEA8 /* VPNXPC */,
				961679312CFF117300B2B6DF /* Frameworks */,
				961678FD2CFF100D00B2B6DF /* Products */,
			);
			sourceTree = "<group>";
		};
		961678FD2CFF100D00B2B6DF /* Products */ = {
			isa = PBXGroup;
			children = (
				961678FC2CFF100D00B2B6DF /* Coder Desktop.app */,
				9616790F2CFF100E00B2B6DF /* Coder DesktopTests.xctest */,
				961679192CFF100E00B2B6DF /* Coder DesktopUITests.xctest */,
				961679302CFF117300B2B6DF /* com.coder.Coder-Desktop.VPN.systemextension */,
				AA3B3DA12D2D23860099996A /* VPNLib.framework */,
				AA3B3DA82D2D23860099996A /* VPNLibTests.xctest */,
				AA3B40912D2FC8560099996A /* CoderSDK.framework */,
				AA3B40982D2FC8560099996A /* CoderSDKTests.xctest */,
				3B0916A12D41CFD50064DEA8 /* VPNXPC.framework */,
			);
			name = Products;
			sourceTree = "<group>";
		};
		961679312CFF117300B2B6DF /* Frameworks */ = {
			isa = PBXGroup;
			children = (
				961679322CFF117300B2B6DF /* NetworkExtension.framework */,
			);
			name = Frameworks;
			sourceTree = "<group>";
		};
/* End PBXGroup section */

/* Begin PBXHeadersBuildPhase section */
		3B09169C2D41CFD50064DEA8 /* Headers */ = {
			isa = PBXHeadersBuildPhase;
			buildActionMask = 2147483647;
			files = (
			);
			runOnlyForDeploymentPostprocessing = 0;
		};
		AA3B3D9C2D2D23860099996A /* Headers */ = {
			isa = PBXHeadersBuildPhase;
			buildActionMask = 2147483647;
			files = (
			);
			runOnlyForDeploymentPostprocessing = 0;
		};
		AA3B408C2D2FC8560099996A /* Headers */ = {
			isa = PBXHeadersBuildPhase;
			buildActionMask = 2147483647;
			files = (
			);
			runOnlyForDeploymentPostprocessing = 0;
		};
/* End PBXHeadersBuildPhase section */

/* Begin PBXNativeTarget section */
		3B0916A02D41CFD50064DEA8 /* VPNXPC */ = {
			isa = PBXNativeTarget;
			buildConfigurationList = 3B0916AC2D41CFD50064DEA8 /* Build configuration list for PBXNativeTarget "VPNXPC" */;
			buildPhases = (
				3B09169C2D41CFD50064DEA8 /* Headers */,
				3B09169D2D41CFD50064DEA8 /* Sources */,
				3B09169E2D41CFD50064DEA8 /* Frameworks */,
				3B09169F2D41CFD50064DEA8 /* Resources */,
			);
			buildRules = (
			);
			dependencies = (
			);
			fileSystemSynchronizedGroups = (
				3B0916A22D41CFD50064DEA8 /* VPNXPC */,
			);
			name = VPNXPC;
			packageProductDependencies = (
			);
			productName = VPNXPC;
			productReference = 3B0916A12D41CFD50064DEA8 /* VPNXPC.framework */;
			productType = "com.apple.product-type.framework";
		};
		961678FB2CFF100D00B2B6DF /* Coder Desktop */ = {
			isa = PBXNativeTarget;
			buildConfigurationList = 961679232CFF100F00B2B6DF /* Build configuration list for PBXNativeTarget "Coder Desktop" */;
			buildPhases = (
				961678F82CFF100D00B2B6DF /* Sources */,
				961678F92CFF100D00B2B6DF /* Frameworks */,
				961678FA2CFF100D00B2B6DF /* Resources */,
				961679422CFF117300B2B6DF /* Embed System Extensions */,
				3B0916622D41B9690064DEA8 /* Embed XPC Services */,
				AAC3823B2D427B8300F6DFB4 /* Embed Frameworks */,
			);
			buildRules = (
			);
			dependencies = (
				AA2C698C2D354A800059AFAF /* PBXTargetDependency */,
				9616793C2CFF117300B2B6DF /* PBXTargetDependency */,
				AA3B40A32D2FC8560099996A /* PBXTargetDependency */,
				3B0916A82D41CFD50064DEA8 /* PBXTargetDependency */,
			);
			fileSystemSynchronizedGroups = (
				961678FE2CFF100D00B2B6DF /* Coder Desktop */,
			);
			name = "Coder Desktop";
			packageProductDependencies = (
				AA8BC33E2D0061F200E1ABAA /* FluidMenuBarExtra */,
				AA8BC4CE2D00A4B700E1ABAA /* KeychainAccess */,
				AA2C690E2D34F6920059AFAF /* LaunchAtLogin */,
			);
			productName = "Coder Desktop";
			productReference = 961678FC2CFF100D00B2B6DF /* Coder Desktop.app */;
			productType = "com.apple.product-type.application";
		};
		9616790E2CFF100E00B2B6DF /* Coder DesktopTests */ = {
			isa = PBXNativeTarget;
			buildConfigurationList = 961679262CFF100F00B2B6DF /* Build configuration list for PBXNativeTarget "Coder DesktopTests" */;
			buildPhases = (
				9616790B2CFF100E00B2B6DF /* Sources */,
				9616790C2CFF100E00B2B6DF /* Frameworks */,
				9616790D2CFF100E00B2B6DF /* Resources */,
			);
			buildRules = (
			);
			dependencies = (
				AA2C698E2D354A840059AFAF /* PBXTargetDependency */,
				961679112CFF100E00B2B6DF /* PBXTargetDependency */,
				AA3B40BA2D2FDA5C0099996A /* PBXTargetDependency */,
			);
			fileSystemSynchronizedGroups = (
				961679122CFF100E00B2B6DF /* Coder DesktopTests */,
			);
			name = "Coder DesktopTests";
			packageProductDependencies = (
				AA8BC3382D0060A900E1ABAA /* ViewInspector */,
				AA3B40B52D2FD9DD0099996A /* Mocker */,
			);
			productName = "Coder DesktopTests";
			productReference = 9616790F2CFF100E00B2B6DF /* Coder DesktopTests.xctest */;
			productType = "com.apple.product-type.bundle.unit-test";
		};
		961679182CFF100E00B2B6DF /* Coder DesktopUITests */ = {
			isa = PBXNativeTarget;
			buildConfigurationList = 961679292CFF100F00B2B6DF /* Build configuration list for PBXNativeTarget "Coder DesktopUITests" */;
			buildPhases = (
				961679152CFF100E00B2B6DF /* Sources */,
				961679162CFF100E00B2B6DF /* Frameworks */,
				961679172CFF100E00B2B6DF /* Resources */,
			);
			buildRules = (
			);
			dependencies = (
				AA2C69902D354A880059AFAF /* PBXTargetDependency */,
				9616791B2CFF100E00B2B6DF /* PBXTargetDependency */,
			);
			fileSystemSynchronizedGroups = (
				9616791C2CFF100E00B2B6DF /* Coder DesktopUITests */,
			);
			name = "Coder DesktopUITests";
			packageProductDependencies = (
			);
			productName = "Coder DesktopUITests";
			productReference = 961679192CFF100E00B2B6DF /* Coder DesktopUITests.xctest */;
			productType = "com.apple.product-type.bundle.ui-testing";
		};
		9616792F2CFF117300B2B6DF /* VPN */ = {
			isa = PBXNativeTarget;
			buildConfigurationList = 9616793F2CFF117300B2B6DF /* Build configuration list for PBXNativeTarget "VPN" */;
			buildPhases = (
				9616792C2CFF117300B2B6DF /* Sources */,
				9616792D2CFF117300B2B6DF /* Frameworks */,
				9616792E2CFF117300B2B6DF /* Resources */,
				AA32A0E32D2D21A3004D6733 /* Embed Frameworks */,
			);
			buildRules = (
			);
			dependencies = (
				AA2C69922D354A8B0059AFAF /* PBXTargetDependency */,
				AA3B3DD02D2D249F0099996A /* PBXTargetDependency */,
				AAC382382D427B7600F6DFB4 /* PBXTargetDependency */,
			);
			fileSystemSynchronizedGroups = (
				AA3C69AD2D2D143400A45481 /* VPN */,
			);
			name = VPN;
			packageProductDependencies = (
			);
			productName = VPN;
			productReference = 961679302CFF117300B2B6DF /* com.coder.Coder-Desktop.VPN.systemextension */;
			productType = "com.apple.product-type.system-extension";
		};
		AA3B3DA02D2D23860099996A /* VPNLib */ = {
			isa = PBXNativeTarget;
			buildConfigurationList = AA3B3DB72D2D23860099996A /* Build configuration list for PBXNativeTarget "VPNLib" */;
			buildPhases = (
				AA3B3D9C2D2D23860099996A /* Headers */,
				AA3B3D9D2D2D23860099996A /* Sources */,
				AA3B3D9E2D2D23860099996A /* Frameworks */,
				AA3B3D9F2D2D23860099996A /* Resources */,
			);
			buildRules = (
			);
			dependencies = (
				AA2C69942D354A8E0059AFAF /* PBXTargetDependency */,
				AA3B40C32D2FE7760099996A /* PBXTargetDependency */,
			);
			fileSystemSynchronizedGroups = (
				AA3B3DA22D2D23860099996A /* VPNLib */,
			);
			name = VPNLib;
			packageProductDependencies = (
				AA3B3DBE2D2D23AB0099996A /* SwiftProtobuf */,
				AA3B3DC02D2D23AB0099996A /* SwiftProtobufPluginLibrary */,
			);
			productName = VPNLib;
			productReference = AA3B3DA12D2D23860099996A /* VPNLib.framework */;
			productType = "com.apple.product-type.framework";
		};
		AA3B3DA72D2D23860099996A /* VPNLibTests */ = {
			isa = PBXNativeTarget;
			buildConfigurationList = AA3B3DBA2D2D23860099996A /* Build configuration list for PBXNativeTarget "VPNLibTests" */;
			buildPhases = (
				AA3B3DA42D2D23860099996A /* Sources */,
				AA3B3DA52D2D23860099996A /* Frameworks */,
				AA3B3DA62D2D23860099996A /* Resources */,
			);
			buildRules = (
			);
			dependencies = (
				AA2C69962D354A910059AFAF /* PBXTargetDependency */,
				AA3B3DAB2D2D23860099996A /* PBXTargetDependency */,
				AA3B3DAD2D2D23860099996A /* PBXTargetDependency */,
			);
			fileSystemSynchronizedGroups = (
				AA3B3DAE2D2D23860099996A /* VPNLibTests */,
			);
			name = VPNLibTests;
			packageProductDependencies = (
				AA3B3E8D2D2E0FF40099996A /* Mocker */,
			);
			productName = VPNLibTests;
			productReference = AA3B3DA82D2D23860099996A /* VPNLibTests.xctest */;
			productType = "com.apple.product-type.bundle.unit-test";
		};
		AA3B40902D2FC8560099996A /* CoderSDK */ = {
			isa = PBXNativeTarget;
			buildConfigurationList = AA3B40A72D2FC8560099996A /* Build configuration list for PBXNativeTarget "CoderSDK" */;
			buildPhases = (
				AA3B408C2D2FC8560099996A /* Headers */,
				AA3B408D2D2FC8560099996A /* Sources */,
				AA3B408E2D2FC8560099996A /* Frameworks */,
				AA3B408F2D2FC8560099996A /* Resources */,
			);
			buildRules = (
			);
			dependencies = (
				AA2C69982D354A940059AFAF /* PBXTargetDependency */,
			);
			fileSystemSynchronizedGroups = (
				AA3B40922D2FC8560099996A /* CoderSDK */,
			);
			name = CoderSDK;
			packageProductDependencies = (
			);
			productName = CoderSDK;
			productReference = AA3B40912D2FC8560099996A /* CoderSDK.framework */;
			productType = "com.apple.product-type.framework";
		};
		AA3B40972D2FC8560099996A /* CoderSDKTests */ = {
			isa = PBXNativeTarget;
			buildConfigurationList = AA3B40AA2D2FC8560099996A /* Build configuration list for PBXNativeTarget "CoderSDKTests" */;
			buildPhases = (
				AA3B40942D2FC8560099996A /* Sources */,
				AA3B40952D2FC8560099996A /* Frameworks */,
				AA3B40962D2FC8560099996A /* Resources */,
			);
			buildRules = (
			);
			dependencies = (
				AA2C699A2D354A970059AFAF /* PBXTargetDependency */,
				AA3B409B2D2FC8560099996A /* PBXTargetDependency */,
				AA3B409D2D2FC8560099996A /* PBXTargetDependency */,
			);
			fileSystemSynchronizedGroups = (
				AA3B409E2D2FC8560099996A /* CoderSDKTests */,
			);
			name = CoderSDKTests;
			packageProductDependencies = (
				AA3B40BC2D2FDFBA0099996A /* Mocker */,
			);
			productName = CoderSDKTests;
			productReference = AA3B40982D2FC8560099996A /* CoderSDKTests.xctest */;
			productType = "com.apple.product-type.bundle.unit-test";
		};
/* End PBXNativeTarget section */

/* Begin PBXProject section */
		961678F42CFF100D00B2B6DF /* Project object */ = {
			isa = PBXProject;
			attributes = {
				BuildIndependentTargetsInParallel = 1;
				LastSwiftUpdateCheck = 1620;
				LastUpgradeCheck = 1620;
				TargetAttributes = {
					3B0916A02D41CFD50064DEA8 = {
						CreatedOnToolsVersion = 16.2;
						LastSwiftMigration = 1620;
					};
					961678FB2CFF100D00B2B6DF = {
						CreatedOnToolsVersion = 16.1;
					};
					9616790E2CFF100E00B2B6DF = {
						CreatedOnToolsVersion = 16.1;
						TestTargetID = 961678FB2CFF100D00B2B6DF;
					};
					961679182CFF100E00B2B6DF = {
						CreatedOnToolsVersion = 16.1;
						TestTargetID = 961678FB2CFF100D00B2B6DF;
					};
					9616792F2CFF117300B2B6DF = {
						CreatedOnToolsVersion = 16.1;
					};
					AA3B3DA02D2D23860099996A = {
						CreatedOnToolsVersion = 16.2;
					};
					AA3B3DA72D2D23860099996A = {
						CreatedOnToolsVersion = 16.2;
						TestTargetID = 961678FB2CFF100D00B2B6DF;
					};
					AA3B40902D2FC8560099996A = {
						CreatedOnToolsVersion = 16.2;
					};
					AA3B40972D2FC8560099996A = {
						CreatedOnToolsVersion = 16.2;
						TestTargetID = 961678FB2CFF100D00B2B6DF;
					};
				};
			};
			buildConfigurationList = 961678F72CFF100D00B2B6DF /* Build configuration list for PBXProject "Coder Desktop" */;
			developmentRegion = en;
			hasScannedForEncodings = 0;
			knownRegions = (
				en,
				Base,
			);
			mainGroup = 961678F32CFF100D00B2B6DF;
			minimizedProjectReferenceProxies = 1;
			packageReferences = (
				AA8BC3372D00609700E1ABAA /* XCRemoteSwiftPackageReference "ViewInspector" */,
				AA8BC33D2D0061F200E1ABAA /* XCRemoteSwiftPackageReference "fluid-menu-bar-extra" */,
				AA8BC4CD2D00A4B700E1ABAA /* XCRemoteSwiftPackageReference "KeychainAccess" */,
				961679512CFF207900B2B6DF /* XCRemoteSwiftPackageReference "swift-protobuf" */,
				AA3B3E8A2D2E0FE10099996A /* XCRemoteSwiftPackageReference "Mocker" */,
				AA2C690D2D34F6920059AFAF /* XCRemoteSwiftPackageReference "LaunchAtLogin-modern" */,
				AA2C698A2D354A600059AFAF /* XCRemoteSwiftPackageReference "SwiftLintPlugins" */,
			);
			preferredProjectObjectVersion = 77;
			productRefGroup = 961678FD2CFF100D00B2B6DF /* Products */;
			projectDirPath = "";
			projectRoot = "";
			targets = (
				961678FB2CFF100D00B2B6DF /* Coder Desktop */,
				9616790E2CFF100E00B2B6DF /* Coder DesktopTests */,
				961679182CFF100E00B2B6DF /* Coder DesktopUITests */,
				9616792F2CFF117300B2B6DF /* VPN */,
				AA3B3DA02D2D23860099996A /* VPNLib */,
				AA3B3DA72D2D23860099996A /* VPNLibTests */,
				AA3B40902D2FC8560099996A /* CoderSDK */,
				AA3B40972D2FC8560099996A /* CoderSDKTests */,
				3B0916A02D41CFD50064DEA8 /* VPNXPC */,
			);
		};
/* End PBXProject section */

/* Begin PBXResourcesBuildPhase section */
		3B09169F2D41CFD50064DEA8 /* Resources */ = {
			isa = PBXResourcesBuildPhase;
			buildActionMask = 2147483647;
			files = (
			);
			runOnlyForDeploymentPostprocessing = 0;
		};
		961678FA2CFF100D00B2B6DF /* Resources */ = {
			isa = PBXResourcesBuildPhase;
			buildActionMask = 2147483647;
			files = (
			);
			runOnlyForDeploymentPostprocessing = 0;
		};
		9616790D2CFF100E00B2B6DF /* Resources */ = {
			isa = PBXResourcesBuildPhase;
			buildActionMask = 2147483647;
			files = (
			);
			runOnlyForDeploymentPostprocessing = 0;
		};
		961679172CFF100E00B2B6DF /* Resources */ = {
			isa = PBXResourcesBuildPhase;
			buildActionMask = 2147483647;
			files = (
			);
			runOnlyForDeploymentPostprocessing = 0;
		};
		9616792E2CFF117300B2B6DF /* Resources */ = {
			isa = PBXResourcesBuildPhase;
			buildActionMask = 2147483647;
			files = (
			);
			runOnlyForDeploymentPostprocessing = 0;
		};
		AA3B3D9F2D2D23860099996A /* Resources */ = {
			isa = PBXResourcesBuildPhase;
			buildActionMask = 2147483647;
			files = (
			);
			runOnlyForDeploymentPostprocessing = 0;
		};
		AA3B3DA62D2D23860099996A /* Resources */ = {
			isa = PBXResourcesBuildPhase;
			buildActionMask = 2147483647;
			files = (
			);
			runOnlyForDeploymentPostprocessing = 0;
		};
		AA3B408F2D2FC8560099996A /* Resources */ = {
			isa = PBXResourcesBuildPhase;
			buildActionMask = 2147483647;
			files = (
			);
			runOnlyForDeploymentPostprocessing = 0;
		};
		AA3B40962D2FC8560099996A /* Resources */ = {
			isa = PBXResourcesBuildPhase;
			buildActionMask = 2147483647;
			files = (
			);
			runOnlyForDeploymentPostprocessing = 0;
		};
/* End PBXResourcesBuildPhase section */

/* Begin PBXSourcesBuildPhase section */
		3B09169D2D41CFD50064DEA8 /* Sources */ = {
			isa = PBXSourcesBuildPhase;
			buildActionMask = 2147483647;
			files = (
			);
			runOnlyForDeploymentPostprocessing = 0;
		};
		961678F82CFF100D00B2B6DF /* Sources */ = {
			isa = PBXSourcesBuildPhase;
			buildActionMask = 2147483647;
			files = (
			);
			runOnlyForDeploymentPostprocessing = 0;
		};
		9616790B2CFF100E00B2B6DF /* Sources */ = {
			isa = PBXSourcesBuildPhase;
			buildActionMask = 2147483647;
			files = (
			);
			runOnlyForDeploymentPostprocessing = 0;
		};
		961679152CFF100E00B2B6DF /* Sources */ = {
			isa = PBXSourcesBuildPhase;
			buildActionMask = 2147483647;
			files = (
			);
			runOnlyForDeploymentPostprocessing = 0;
		};
		9616792C2CFF117300B2B6DF /* Sources */ = {
			isa = PBXSourcesBuildPhase;
			buildActionMask = 2147483647;
			files = (
			);
			runOnlyForDeploymentPostprocessing = 0;
		};
		AA3B3D9D2D2D23860099996A /* Sources */ = {
			isa = PBXSourcesBuildPhase;
			buildActionMask = 2147483647;
			files = (
			);
			runOnlyForDeploymentPostprocessing = 0;
		};
		AA3B3DA42D2D23860099996A /* Sources */ = {
			isa = PBXSourcesBuildPhase;
			buildActionMask = 2147483647;
			files = (
			);
			runOnlyForDeploymentPostprocessing = 0;
		};
		AA3B408D2D2FC8560099996A /* Sources */ = {
			isa = PBXSourcesBuildPhase;
			buildActionMask = 2147483647;
			files = (
			);
			runOnlyForDeploymentPostprocessing = 0;
		};
		AA3B40942D2FC8560099996A /* Sources */ = {
			isa = PBXSourcesBuildPhase;
			buildActionMask = 2147483647;
			files = (
			);
			runOnlyForDeploymentPostprocessing = 0;
		};
/* End PBXSourcesBuildPhase section */

/* Begin PBXTargetDependency section */
		3B0916A82D41CFD50064DEA8 /* PBXTargetDependency */ = {
			isa = PBXTargetDependency;
			target = 3B0916A02D41CFD50064DEA8 /* VPNXPC */;
			targetProxy = 3B0916A72D41CFD50064DEA8 /* PBXContainerItemProxy */;
		};
		961679112CFF100E00B2B6DF /* PBXTargetDependency */ = {
			isa = PBXTargetDependency;
			target = 961678FB2CFF100D00B2B6DF /* Coder Desktop */;
			targetProxy = 961679102CFF100E00B2B6DF /* PBXContainerItemProxy */;
		};
		9616791B2CFF100E00B2B6DF /* PBXTargetDependency */ = {
			isa = PBXTargetDependency;
			target = 961678FB2CFF100D00B2B6DF /* Coder Desktop */;
			targetProxy = 9616791A2CFF100E00B2B6DF /* PBXContainerItemProxy */;
		};
		9616793C2CFF117300B2B6DF /* PBXTargetDependency */ = {
			isa = PBXTargetDependency;
			target = 9616792F2CFF117300B2B6DF /* VPN */;
			targetProxy = 9616793B2CFF117300B2B6DF /* PBXContainerItemProxy */;
		};
		AA2C698C2D354A800059AFAF /* PBXTargetDependency */ = {
			isa = PBXTargetDependency;
			productRef = AA2C698B2D354A800059AFAF /* SwiftLintBuildToolPlugin */;
		};
		AA2C698E2D354A840059AFAF /* PBXTargetDependency */ = {
			isa = PBXTargetDependency;
			productRef = AA2C698D2D354A840059AFAF /* SwiftLintBuildToolPlugin */;
		};
		AA2C69902D354A880059AFAF /* PBXTargetDependency */ = {
			isa = PBXTargetDependency;
			productRef = AA2C698F2D354A880059AFAF /* SwiftLintBuildToolPlugin */;
		};
		AA2C69922D354A8B0059AFAF /* PBXTargetDependency */ = {
			isa = PBXTargetDependency;
			productRef = AA2C69912D354A8B0059AFAF /* SwiftLintBuildToolPlugin */;
		};
		AA2C69942D354A8E0059AFAF /* PBXTargetDependency */ = {
			isa = PBXTargetDependency;
			productRef = AA2C69932D354A8E0059AFAF /* SwiftLintBuildToolPlugin */;
		};
		AA2C69962D354A910059AFAF /* PBXTargetDependency */ = {
			isa = PBXTargetDependency;
			productRef = AA2C69952D354A910059AFAF /* SwiftLintBuildToolPlugin */;
		};
		AA2C69982D354A940059AFAF /* PBXTargetDependency */ = {
			isa = PBXTargetDependency;
			productRef = AA2C69972D354A940059AFAF /* SwiftLintBuildToolPlugin */;
		};
		AA2C699A2D354A970059AFAF /* PBXTargetDependency */ = {
			isa = PBXTargetDependency;
			productRef = AA2C69992D354A970059AFAF /* SwiftLintBuildToolPlugin */;
		};
		AA3B3DAB2D2D23860099996A /* PBXTargetDependency */ = {
			isa = PBXTargetDependency;
			target = AA3B3DA02D2D23860099996A /* VPNLib */;
			targetProxy = AA3B3DAA2D2D23860099996A /* PBXContainerItemProxy */;
		};
		AA3B3DAD2D2D23860099996A /* PBXTargetDependency */ = {
			isa = PBXTargetDependency;
			target = 961678FB2CFF100D00B2B6DF /* Coder Desktop */;
			targetProxy = AA3B3DAC2D2D23860099996A /* PBXContainerItemProxy */;
		};
		AA3B3DD02D2D249F0099996A /* PBXTargetDependency */ = {
			isa = PBXTargetDependency;
			target = AA3B3DA02D2D23860099996A /* VPNLib */;
			targetProxy = AA3B3DCF2D2D249F0099996A /* PBXContainerItemProxy */;
		};
		AA3B409B2D2FC8560099996A /* PBXTargetDependency */ = {
			isa = PBXTargetDependency;
			target = AA3B40902D2FC8560099996A /* CoderSDK */;
			targetProxy = AA3B409A2D2FC8560099996A /* PBXContainerItemProxy */;
		};
		AA3B409D2D2FC8560099996A /* PBXTargetDependency */ = {
			isa = PBXTargetDependency;
			target = 961678FB2CFF100D00B2B6DF /* Coder Desktop */;
			targetProxy = AA3B409C2D2FC8560099996A /* PBXContainerItemProxy */;
		};
		AA3B40A32D2FC8560099996A /* PBXTargetDependency */ = {
			isa = PBXTargetDependency;
			target = AA3B40902D2FC8560099996A /* CoderSDK */;
			targetProxy = AA3B40A22D2FC8560099996A /* PBXContainerItemProxy */;
		};
		AA3B40BA2D2FDA5C0099996A /* PBXTargetDependency */ = {
			isa = PBXTargetDependency;
			target = AA3B40902D2FC8560099996A /* CoderSDK */;
			targetProxy = AA3B40B92D2FDA5C0099996A /* PBXContainerItemProxy */;
		};
		AA3B40C32D2FE7760099996A /* PBXTargetDependency */ = {
			isa = PBXTargetDependency;
			target = AA3B40902D2FC8560099996A /* CoderSDK */;
			targetProxy = AA3B40C22D2FE7760099996A /* PBXContainerItemProxy */;
		};
		AAC382382D427B7600F6DFB4 /* PBXTargetDependency */ = {
			isa = PBXTargetDependency;
			target = AA3B40902D2FC8560099996A /* CoderSDK */;
			targetProxy = AAC382372D427B7600F6DFB4 /* PBXContainerItemProxy */;
		};
/* End PBXTargetDependency section */

/* Begin XCBuildConfiguration section */
		3B0916AD2D41CFD50064DEA8 /* Debug */ = {
			isa = XCBuildConfiguration;
			buildSettings = {
				BUILD_LIBRARY_FOR_DISTRIBUTION = YES;
				CLANG_ENABLE_MODULES = YES;
				CODE_SIGN_IDENTITY = "Apple Development";
				CODE_SIGN_STYLE = Automatic;
				COMBINE_HIDPI_IMAGES = YES;
				CURRENT_PROJECT_VERSION = 1;
				DEFINES_MODULE = YES;
				DEVELOPMENT_TEAM = 4399GN35BJ;
				DYLIB_COMPATIBILITY_VERSION = 1;
				DYLIB_CURRENT_VERSION = 1;
				DYLIB_INSTALL_NAME_BASE = "@rpath";
				ENABLE_MODULE_VERIFIER = YES;
				GENERATE_INFOPLIST_FILE = YES;
				INFOPLIST_KEY_NSHumanReadableCopyright = "";
				INSTALL_PATH = "$(LOCAL_LIBRARY_DIR)/Frameworks";
				LD_RUNPATH_SEARCH_PATHS = (
					"$(inherited)",
					"@executable_path/../Frameworks",
					"@loader_path/Frameworks",
				);
				MACOSX_DEPLOYMENT_TARGET = 14.0;
				MARKETING_VERSION = 1.0;
				MODULE_VERIFIER_SUPPORTED_LANGUAGES = "objective-c objective-c++";
				MODULE_VERIFIER_SUPPORTED_LANGUAGE_STANDARDS = "gnu17 gnu++20";
				PRODUCT_BUNDLE_IDENTIFIER = "--APPLICATION-IDENTIFIER-.VPNXPC";
				PRODUCT_NAME = "$(TARGET_NAME:c99extidentifier)";
				SKIP_INSTALL = YES;
				SWIFT_EMIT_LOC_STRINGS = YES;
				SWIFT_INSTALL_OBJC_HEADER = NO;
				SWIFT_OPTIMIZATION_LEVEL = "-Onone";
				SWIFT_VERSION = 5.0;
				VERSIONING_SYSTEM = "apple-generic";
				VERSION_INFO_PREFIX = "";
			};
			name = Debug;
		};
		3B0916AE2D41CFD50064DEA8 /* Release */ = {
			isa = XCBuildConfiguration;
			buildSettings = {
				BUILD_LIBRARY_FOR_DISTRIBUTION = YES;
				CLANG_ENABLE_MODULES = YES;
				CODE_SIGN_IDENTITY = "Apple Development";
				CODE_SIGN_STYLE = Automatic;
				COMBINE_HIDPI_IMAGES = YES;
				CURRENT_PROJECT_VERSION = 1;
				DEFINES_MODULE = YES;
				DEVELOPMENT_TEAM = 4399GN35BJ;
				DYLIB_COMPATIBILITY_VERSION = 1;
				DYLIB_CURRENT_VERSION = 1;
				DYLIB_INSTALL_NAME_BASE = "@rpath";
				ENABLE_MODULE_VERIFIER = YES;
				GENERATE_INFOPLIST_FILE = YES;
				INFOPLIST_KEY_NSHumanReadableCopyright = "";
				INSTALL_PATH = "$(LOCAL_LIBRARY_DIR)/Frameworks";
				LD_RUNPATH_SEARCH_PATHS = (
					"$(inherited)",
					"@executable_path/../Frameworks",
					"@loader_path/Frameworks",
				);
				MACOSX_DEPLOYMENT_TARGET = 14.0;
				MARKETING_VERSION = 1.0;
				MODULE_VERIFIER_SUPPORTED_LANGUAGES = "objective-c objective-c++";
				MODULE_VERIFIER_SUPPORTED_LANGUAGE_STANDARDS = "gnu17 gnu++20";
				PRODUCT_BUNDLE_IDENTIFIER = "--APPLICATION-IDENTIFIER-.VPNXPC";
				PRODUCT_NAME = "$(TARGET_NAME:c99extidentifier)";
				SKIP_INSTALL = YES;
				SWIFT_EMIT_LOC_STRINGS = YES;
				SWIFT_INSTALL_OBJC_HEADER = NO;
				SWIFT_VERSION = 5.0;
				VERSIONING_SYSTEM = "apple-generic";
				VERSION_INFO_PREFIX = "";
			};
			name = Release;
		};
		961679212CFF100F00B2B6DF /* Debug */ = {
			isa = XCBuildConfiguration;
			buildSettings = {
				ALWAYS_SEARCH_USER_PATHS = NO;
				ASSETCATALOG_COMPILER_GENERATE_SWIFT_ASSET_SYMBOL_EXTENSIONS = YES;
				CLANG_ANALYZER_NONNULL = YES;
				CLANG_ANALYZER_NUMBER_OBJECT_CONVERSION = YES_AGGRESSIVE;
				CLANG_CXX_LANGUAGE_STANDARD = "gnu++20";
				CLANG_ENABLE_MODULES = YES;
				CLANG_ENABLE_OBJC_ARC = YES;
				CLANG_ENABLE_OBJC_WEAK = YES;
				CLANG_WARN_BLOCK_CAPTURE_AUTORELEASING = YES;
				CLANG_WARN_BOOL_CONVERSION = YES;
				CLANG_WARN_COMMA = YES;
				CLANG_WARN_CONSTANT_CONVERSION = YES;
				CLANG_WARN_DEPRECATED_OBJC_IMPLEMENTATIONS = YES;
				CLANG_WARN_DIRECT_OBJC_ISA_USAGE = YES_ERROR;
				CLANG_WARN_DOCUMENTATION_COMMENTS = YES;
				CLANG_WARN_EMPTY_BODY = YES;
				CLANG_WARN_ENUM_CONVERSION = YES;
				CLANG_WARN_INFINITE_RECURSION = YES;
				CLANG_WARN_INT_CONVERSION = YES;
				CLANG_WARN_NON_LITERAL_NULL_CONVERSION = YES;
				CLANG_WARN_OBJC_IMPLICIT_RETAIN_SELF = YES;
				CLANG_WARN_OBJC_LITERAL_CONVERSION = YES;
				CLANG_WARN_OBJC_ROOT_CLASS = YES_ERROR;
				CLANG_WARN_QUOTED_INCLUDE_IN_FRAMEWORK_HEADER = YES;
				CLANG_WARN_RANGE_LOOP_ANALYSIS = YES;
				CLANG_WARN_STRICT_PROTOTYPES = YES;
				CLANG_WARN_SUSPICIOUS_MOVE = YES;
				CLANG_WARN_UNGUARDED_AVAILABILITY = YES_AGGRESSIVE;
				CLANG_WARN_UNREACHABLE_CODE = YES;
				CLANG_WARN__DUPLICATE_METHOD_MATCH = YES;
				COPY_PHASE_STRIP = NO;
				DEAD_CODE_STRIPPING = YES;
				DEBUG_INFORMATION_FORMAT = dwarf;
				ENABLE_STRICT_OBJC_MSGSEND = YES;
				ENABLE_TESTABILITY = YES;
				ENABLE_USER_SCRIPT_SANDBOXING = YES;
				GCC_C_LANGUAGE_STANDARD = gnu17;
				GCC_DYNAMIC_NO_PIC = NO;
				GCC_NO_COMMON_BLOCKS = YES;
				GCC_OPTIMIZATION_LEVEL = 0;
				GCC_PREPROCESSOR_DEFINITIONS = (
					"DEBUG=1",
					"$(inherited)",
				);
				GCC_WARN_64_TO_32_BIT_CONVERSION = YES;
				GCC_WARN_ABOUT_RETURN_TYPE = YES_ERROR;
				GCC_WARN_UNDECLARED_SELECTOR = YES;
				GCC_WARN_UNINITIALIZED_AUTOS = YES_AGGRESSIVE;
				GCC_WARN_UNUSED_FUNCTION = YES;
				GCC_WARN_UNUSED_VARIABLE = YES;
				LOCALIZATION_PREFERS_STRING_CATALOGS = YES;
				MACOSX_DEPLOYMENT_TARGET = 15.1;
				MTL_ENABLE_DEBUG_INFO = INCLUDE_SOURCE;
				MTL_FAST_MATH = YES;
				ONLY_ACTIVE_ARCH = YES;
				SDKROOT = macosx;
				SWIFT_ACTIVE_COMPILATION_CONDITIONS = "DEBUG $(inherited)";
				SWIFT_OPTIMIZATION_LEVEL = "-Onone";
				SWIFT_VERSION = 6.0;
			};
			name = Debug;
		};
		961679222CFF100F00B2B6DF /* Release */ = {
			isa = XCBuildConfiguration;
			buildSettings = {
				ALWAYS_SEARCH_USER_PATHS = NO;
				ASSETCATALOG_COMPILER_GENERATE_SWIFT_ASSET_SYMBOL_EXTENSIONS = YES;
				CLANG_ANALYZER_NONNULL = YES;
				CLANG_ANALYZER_NUMBER_OBJECT_CONVERSION = YES_AGGRESSIVE;
				CLANG_CXX_LANGUAGE_STANDARD = "gnu++20";
				CLANG_ENABLE_MODULES = YES;
				CLANG_ENABLE_OBJC_ARC = YES;
				CLANG_ENABLE_OBJC_WEAK = YES;
				CLANG_WARN_BLOCK_CAPTURE_AUTORELEASING = YES;
				CLANG_WARN_BOOL_CONVERSION = YES;
				CLANG_WARN_COMMA = YES;
				CLANG_WARN_CONSTANT_CONVERSION = YES;
				CLANG_WARN_DEPRECATED_OBJC_IMPLEMENTATIONS = YES;
				CLANG_WARN_DIRECT_OBJC_ISA_USAGE = YES_ERROR;
				CLANG_WARN_DOCUMENTATION_COMMENTS = YES;
				CLANG_WARN_EMPTY_BODY = YES;
				CLANG_WARN_ENUM_CONVERSION = YES;
				CLANG_WARN_INFINITE_RECURSION = YES;
				CLANG_WARN_INT_CONVERSION = YES;
				CLANG_WARN_NON_LITERAL_NULL_CONVERSION = YES;
				CLANG_WARN_OBJC_IMPLICIT_RETAIN_SELF = YES;
				CLANG_WARN_OBJC_LITERAL_CONVERSION = YES;
				CLANG_WARN_OBJC_ROOT_CLASS = YES_ERROR;
				CLANG_WARN_QUOTED_INCLUDE_IN_FRAMEWORK_HEADER = YES;
				CLANG_WARN_RANGE_LOOP_ANALYSIS = YES;
				CLANG_WARN_STRICT_PROTOTYPES = YES;
				CLANG_WARN_SUSPICIOUS_MOVE = YES;
				CLANG_WARN_UNGUARDED_AVAILABILITY = YES_AGGRESSIVE;
				CLANG_WARN_UNREACHABLE_CODE = YES;
				CLANG_WARN__DUPLICATE_METHOD_MATCH = YES;
				COPY_PHASE_STRIP = NO;
				DEAD_CODE_STRIPPING = YES;
				DEBUG_INFORMATION_FORMAT = "dwarf-with-dsym";
				ENABLE_NS_ASSERTIONS = NO;
				ENABLE_STRICT_OBJC_MSGSEND = YES;
				ENABLE_USER_SCRIPT_SANDBOXING = YES;
				GCC_C_LANGUAGE_STANDARD = gnu17;
				GCC_NO_COMMON_BLOCKS = YES;
				GCC_WARN_64_TO_32_BIT_CONVERSION = YES;
				GCC_WARN_ABOUT_RETURN_TYPE = YES_ERROR;
				GCC_WARN_UNDECLARED_SELECTOR = YES;
				GCC_WARN_UNINITIALIZED_AUTOS = YES_AGGRESSIVE;
				GCC_WARN_UNUSED_FUNCTION = YES;
				GCC_WARN_UNUSED_VARIABLE = YES;
				LOCALIZATION_PREFERS_STRING_CATALOGS = YES;
				MACOSX_DEPLOYMENT_TARGET = 15.1;
				MTL_ENABLE_DEBUG_INFO = NO;
				MTL_FAST_MATH = YES;
				SDKROOT = macosx;
				SWIFT_COMPILATION_MODE = wholemodule;
				SWIFT_VERSION = 6.0;
			};
			name = Release;
		};
		961679242CFF100F00B2B6DF /* Debug */ = {
			isa = XCBuildConfiguration;
			buildSettings = {
				ASSETCATALOG_COMPILER_APPICON_NAME = AppIcon;
				ASSETCATALOG_COMPILER_GLOBAL_ACCENT_COLOR_NAME = AccentColor;
				CODE_SIGN_ENTITLEMENTS = "Coder Desktop/Coder_Desktop.entitlements";
				CODE_SIGN_IDENTITY = "Apple Development";
				CODE_SIGN_STYLE = Automatic;
				COMBINE_HIDPI_IMAGES = YES;
				CURRENT_PROJECT_VERSION = 1;
				DEAD_CODE_STRIPPING = YES;
				DEVELOPMENT_ASSET_PATHS = "\"Coder Desktop/Preview Content\"";
				DEVELOPMENT_TEAM = 4399GN35BJ;
				ENABLE_HARDENED_RUNTIME = YES;
				ENABLE_PREVIEWS = YES;
				GENERATE_INFOPLIST_FILE = YES;
				INFOPLIST_FILE = "Coder Desktop/Info.plist";
				INFOPLIST_KEY_LSUIElement = YES;
				INFOPLIST_KEY_NSHumanReadableCopyright = "";
				LD_RUNPATH_SEARCH_PATHS = (
					"$(inherited)",
					"@executable_path/../Frameworks",
				);
				MACOSX_DEPLOYMENT_TARGET = 14.0;
				MARKETING_VERSION = 1.0;
				PRODUCT_BUNDLE_IDENTIFIER = "com.coder.Coder-Desktop";
				PRODUCT_NAME = "$(TARGET_NAME)";
				PROVISIONING_PROFILE_SPECIFIER = "";
				SWIFT_EMIT_LOC_STRINGS = YES;
				SWIFT_VERSION = 6.0;
			};
			name = Debug;
		};
		961679252CFF100F00B2B6DF /* Release */ = {
			isa = XCBuildConfiguration;
			buildSettings = {
				ASSETCATALOG_COMPILER_APPICON_NAME = AppIcon;
				ASSETCATALOG_COMPILER_GLOBAL_ACCENT_COLOR_NAME = AccentColor;
				CODE_SIGN_ENTITLEMENTS = "Coder Desktop/Coder_Desktop.entitlements";
				CODE_SIGN_IDENTITY = "Apple Development";
				CODE_SIGN_STYLE = Automatic;
				COMBINE_HIDPI_IMAGES = YES;
				CURRENT_PROJECT_VERSION = 1;
				DEAD_CODE_STRIPPING = YES;
				DEVELOPMENT_ASSET_PATHS = "\"Coder Desktop/Preview Content\"";
				DEVELOPMENT_TEAM = 4399GN35BJ;
				ENABLE_HARDENED_RUNTIME = YES;
				ENABLE_PREVIEWS = YES;
				GENERATE_INFOPLIST_FILE = YES;
				INFOPLIST_FILE = "Coder Desktop/Info.plist";
				INFOPLIST_KEY_LSUIElement = YES;
				INFOPLIST_KEY_NSHumanReadableCopyright = "";
				LD_RUNPATH_SEARCH_PATHS = (
					"$(inherited)",
					"@executable_path/../Frameworks",
				);
				MACOSX_DEPLOYMENT_TARGET = 14.0;
				MARKETING_VERSION = 1.0;
				PRODUCT_BUNDLE_IDENTIFIER = "com.coder.Coder-Desktop";
				PRODUCT_NAME = "$(TARGET_NAME)";
				PROVISIONING_PROFILE_SPECIFIER = "";
				SWIFT_EMIT_LOC_STRINGS = YES;
				SWIFT_VERSION = 6.0;
			};
			name = Release;
		};
		961679272CFF100F00B2B6DF /* Debug */ = {
			isa = XCBuildConfiguration;
			buildSettings = {
				BUNDLE_LOADER = "$(TEST_HOST)";
				CODE_SIGN_STYLE = Automatic;
				CURRENT_PROJECT_VERSION = 1;
				DEAD_CODE_STRIPPING = YES;
				DEVELOPMENT_TEAM = 4399GN35BJ;
				GENERATE_INFOPLIST_FILE = YES;
				MACOSX_DEPLOYMENT_TARGET = 14.0;
				MARKETING_VERSION = 1.0;
				PRODUCT_BUNDLE_IDENTIFIER = "com.coder.Coder-DesktopTests";
				PRODUCT_NAME = "$(TARGET_NAME)";
				SWIFT_EMIT_LOC_STRINGS = NO;
				SWIFT_VERSION = 6.0;
				TEST_HOST = "$(BUILT_PRODUCTS_DIR)/Coder Desktop.app/$(BUNDLE_EXECUTABLE_FOLDER_PATH)/Coder Desktop";
			};
			name = Debug;
		};
		961679282CFF100F00B2B6DF /* Release */ = {
			isa = XCBuildConfiguration;
			buildSettings = {
				BUNDLE_LOADER = "$(TEST_HOST)";
				CODE_SIGN_STYLE = Automatic;
				CURRENT_PROJECT_VERSION = 1;
				DEAD_CODE_STRIPPING = YES;
				DEVELOPMENT_TEAM = 4399GN35BJ;
				GENERATE_INFOPLIST_FILE = YES;
				MACOSX_DEPLOYMENT_TARGET = 14.0;
				MARKETING_VERSION = 1.0;
				PRODUCT_BUNDLE_IDENTIFIER = "com.coder.Coder-DesktopTests";
				PRODUCT_NAME = "$(TARGET_NAME)";
				SWIFT_EMIT_LOC_STRINGS = NO;
				SWIFT_VERSION = 6.0;
				TEST_HOST = "$(BUILT_PRODUCTS_DIR)/Coder Desktop.app/$(BUNDLE_EXECUTABLE_FOLDER_PATH)/Coder Desktop";
			};
			name = Release;
		};
		9616792A2CFF100F00B2B6DF /* Debug */ = {
			isa = XCBuildConfiguration;
			buildSettings = {
				CODE_SIGN_STYLE = Automatic;
				CURRENT_PROJECT_VERSION = 1;
				DEAD_CODE_STRIPPING = YES;
				DEVELOPMENT_TEAM = 4399GN35BJ;
				GENERATE_INFOPLIST_FILE = YES;
				MACOSX_DEPLOYMENT_TARGET = 14.0;
				MARKETING_VERSION = 1.0;
				PRODUCT_BUNDLE_IDENTIFIER = "com.coder.Coder-DesktopUITests";
				PRODUCT_NAME = "$(TARGET_NAME)";
				SWIFT_EMIT_LOC_STRINGS = NO;
				SWIFT_VERSION = 6.0;
				TEST_TARGET_NAME = "Coder Desktop";
			};
			name = Debug;
		};
		9616792B2CFF100F00B2B6DF /* Release */ = {
			isa = XCBuildConfiguration;
			buildSettings = {
				CODE_SIGN_STYLE = Automatic;
				CURRENT_PROJECT_VERSION = 1;
				DEAD_CODE_STRIPPING = YES;
				DEVELOPMENT_TEAM = 4399GN35BJ;
				GENERATE_INFOPLIST_FILE = YES;
				MACOSX_DEPLOYMENT_TARGET = 14.0;
				MARKETING_VERSION = 1.0;
				PRODUCT_BUNDLE_IDENTIFIER = "com.coder.Coder-DesktopUITests";
				PRODUCT_NAME = "$(TARGET_NAME)";
				SWIFT_EMIT_LOC_STRINGS = NO;
				SWIFT_VERSION = 6.0;
				TEST_TARGET_NAME = "Coder Desktop";
			};
			name = Release;
		};
		961679402CFF117300B2B6DF /* Debug */ = {
			isa = XCBuildConfiguration;
			buildSettings = {
				CODE_SIGN_ENTITLEMENTS = VPN/VPN.entitlements;
				"CODE_SIGN_IDENTITY[sdk=macosx*]" = "Apple Development";
				CODE_SIGN_STYLE = Automatic;
				CURRENT_PROJECT_VERSION = 1;
				DEAD_CODE_STRIPPING = YES;
				DEFINES_MODULE = NO;
				DEVELOPMENT_TEAM = 4399GN35BJ;
				ENABLE_HARDENED_RUNTIME = YES;
				GENERATE_INFOPLIST_FILE = YES;
				INFOPLIST_FILE = VPN/Info.plist;
				INFOPLIST_KEY_CFBundleDisplayName = VPN;
				INFOPLIST_KEY_NSHumanReadableCopyright = "";
				LD_RUNPATH_SEARCH_PATHS = (
					"$(inherited)",
					"@executable_path/../Frameworks",
					"@executable_path/../../../../Frameworks",
				);
				MACOSX_DEPLOYMENT_TARGET = 14.0;
				MARKETING_VERSION = 1.0;
				PRODUCT_BUNDLE_IDENTIFIER = "com.coder.Coder-Desktop.VPN";
				PRODUCT_MODULE_NAME = "$(PRODUCT_NAME:c99extidentifier)";
				PRODUCT_NAME = "$(inherited)";
				SKIP_INSTALL = YES;
				SWIFT_EMIT_LOC_STRINGS = YES;
				SWIFT_OBJC_BRIDGING_HEADER = "VPN/$(SWIFT_MODULE_NAME)-Bridging-Header.h";
				SWIFT_VERSION = 6.0;
			};
			name = Debug;
		};
		961679412CFF117300B2B6DF /* Release */ = {
			isa = XCBuildConfiguration;
			buildSettings = {
				CODE_SIGN_ENTITLEMENTS = VPN/VPN.entitlements;
				"CODE_SIGN_IDENTITY[sdk=macosx*]" = "Apple Development";
				CODE_SIGN_STYLE = Automatic;
				CURRENT_PROJECT_VERSION = 1;
				DEAD_CODE_STRIPPING = YES;
				DEFINES_MODULE = NO;
				DEVELOPMENT_TEAM = 4399GN35BJ;
				ENABLE_HARDENED_RUNTIME = YES;
				GENERATE_INFOPLIST_FILE = YES;
				INFOPLIST_FILE = VPN/Info.plist;
				INFOPLIST_KEY_CFBundleDisplayName = VPN;
				INFOPLIST_KEY_NSHumanReadableCopyright = "";
				LD_RUNPATH_SEARCH_PATHS = (
					"$(inherited)",
					"@executable_path/../Frameworks",
					"@executable_path/../../../../Frameworks",
				);
				MACOSX_DEPLOYMENT_TARGET = 14.0;
				MARKETING_VERSION = 1.0;
				PRODUCT_BUNDLE_IDENTIFIER = "com.coder.Coder-Desktop.VPN";
				PRODUCT_MODULE_NAME = "$(PRODUCT_NAME:c99extidentifier)";
				PRODUCT_NAME = "$(inherited)";
				SKIP_INSTALL = YES;
				SWIFT_EMIT_LOC_STRINGS = YES;
				SWIFT_OBJC_BRIDGING_HEADER = "VPN/$(SWIFT_MODULE_NAME)-Bridging-Header.h";
				SWIFT_VERSION = 6.0;
			};
			name = Release;
		};
		AA3B3DB82D2D23860099996A /* Debug */ = {
			isa = XCBuildConfiguration;
			buildSettings = {
				BUILD_LIBRARY_FOR_DISTRIBUTION = NO;
				CODE_SIGN_IDENTITY = "";
				CODE_SIGN_STYLE = Automatic;
				COMBINE_HIDPI_IMAGES = YES;
				CURRENT_PROJECT_VERSION = 1;
				DEFINES_MODULE = YES;
				DEVELOPMENT_TEAM = 4399GN35BJ;
				DYLIB_COMPATIBILITY_VERSION = 1;
				DYLIB_CURRENT_VERSION = 1;
				DYLIB_INSTALL_NAME_BASE = "@rpath";
				ENABLE_MODULE_VERIFIER = YES;
				GENERATE_INFOPLIST_FILE = YES;
				INFOPLIST_KEY_NSHumanReadableCopyright = "";
				INSTALL_PATH = "$(LOCAL_LIBRARY_DIR)/Frameworks";
				LD_RUNPATH_SEARCH_PATHS = (
					"$(inherited)",
					"@executable_path/../Frameworks",
					"@loader_path/Frameworks",
				);
				MACOSX_DEPLOYMENT_TARGET = 14.0;
				MARKETING_VERSION = 1.0;
				MODULE_VERIFIER_SUPPORTED_LANGUAGES = "objective-c objective-c++";
				MODULE_VERIFIER_SUPPORTED_LANGUAGE_STANDARDS = "gnu17 gnu++20";
				PRODUCT_BUNDLE_IDENTIFIER = "$(APPLICATION_IDENTIFIER).VPNLib";
				PRODUCT_NAME = "$(TARGET_NAME:c99extidentifier)";
				SKIP_INSTALL = YES;
				SWIFT_EMIT_LOC_STRINGS = YES;
				SWIFT_INSTALL_OBJC_HEADER = NO;
				SWIFT_VERSION = 6.0;
				VERSIONING_SYSTEM = "apple-generic";
				VERSION_INFO_PREFIX = "";
			};
			name = Debug;
		};
		AA3B3DB92D2D23860099996A /* Release */ = {
			isa = XCBuildConfiguration;
			buildSettings = {
				BUILD_LIBRARY_FOR_DISTRIBUTION = NO;
				CODE_SIGN_IDENTITY = "";
				"CODE_SIGN_IDENTITY[sdk=macosx*]" = "Apple Development";
				CODE_SIGN_STYLE = Automatic;
				COMBINE_HIDPI_IMAGES = YES;
				CURRENT_PROJECT_VERSION = 1;
				DEFINES_MODULE = YES;
				DEVELOPMENT_TEAM = 4399GN35BJ;
				DYLIB_COMPATIBILITY_VERSION = 1;
				DYLIB_CURRENT_VERSION = 1;
				DYLIB_INSTALL_NAME_BASE = "@rpath";
				ENABLE_MODULE_VERIFIER = YES;
				GENERATE_INFOPLIST_FILE = YES;
				INFOPLIST_KEY_NSHumanReadableCopyright = "";
				INSTALL_PATH = "$(LOCAL_LIBRARY_DIR)/Frameworks";
				LD_RUNPATH_SEARCH_PATHS = (
					"$(inherited)",
					"@executable_path/../Frameworks",
					"@loader_path/Frameworks",
				);
				MACOSX_DEPLOYMENT_TARGET = 14.0;
				MARKETING_VERSION = 1.0;
				MODULE_VERIFIER_SUPPORTED_LANGUAGES = "objective-c objective-c++";
				MODULE_VERIFIER_SUPPORTED_LANGUAGE_STANDARDS = "gnu17 gnu++20";
				PRODUCT_BUNDLE_IDENTIFIER = "$(APPLICATION_IDENTIFIER).VPNLib";
				PRODUCT_NAME = "$(TARGET_NAME:c99extidentifier)";
				SKIP_INSTALL = YES;
				SWIFT_EMIT_LOC_STRINGS = YES;
				SWIFT_INSTALL_OBJC_HEADER = NO;
				SWIFT_VERSION = 6.0;
				VERSIONING_SYSTEM = "apple-generic";
				VERSION_INFO_PREFIX = "";
			};
			name = Release;
		};
		AA3B3DBB2D2D23860099996A /* Debug */ = {
			isa = XCBuildConfiguration;
			buildSettings = {
				CODE_SIGN_STYLE = Automatic;
				CURRENT_PROJECT_VERSION = 1;
				DEVELOPMENT_TEAM = 4399GN35BJ;
				GENERATE_INFOPLIST_FILE = YES;
				MACOSX_DEPLOYMENT_TARGET = 14.0;
				MARKETING_VERSION = 1.0;
				PRODUCT_BUNDLE_IDENTIFIER = "com.coder.Coder-Desktop.VPNLibTests";
				PRODUCT_NAME = "$(TARGET_NAME)";
				SWIFT_EMIT_LOC_STRINGS = NO;
				SWIFT_VERSION = 6.0;
				TEST_HOST = "$(BUILT_PRODUCTS_DIR)/Coder Desktop.app/$(BUNDLE_EXECUTABLE_FOLDER_PATH)/Coder Desktop";
			};
			name = Debug;
		};
		AA3B3DBC2D2D23860099996A /* Release */ = {
			isa = XCBuildConfiguration;
			buildSettings = {
				CODE_SIGN_STYLE = Automatic;
				CURRENT_PROJECT_VERSION = 1;
				DEVELOPMENT_TEAM = 4399GN35BJ;
				GENERATE_INFOPLIST_FILE = YES;
				MACOSX_DEPLOYMENT_TARGET = 14.0;
				MARKETING_VERSION = 1.0;
				PRODUCT_BUNDLE_IDENTIFIER = "com.coder.Coder-Desktop.VPNLibTests";
				PRODUCT_NAME = "$(TARGET_NAME)";
				SWIFT_EMIT_LOC_STRINGS = NO;
				SWIFT_VERSION = 6.0;
				TEST_HOST = "$(BUILT_PRODUCTS_DIR)/Coder Desktop.app/$(BUNDLE_EXECUTABLE_FOLDER_PATH)/Coder Desktop";
			};
			name = Release;
		};
		AA3B40A82D2FC8560099996A /* Debug */ = {
			isa = XCBuildConfiguration;
			buildSettings = {
				BUILD_LIBRARY_FOR_DISTRIBUTION = NO;
				CODE_SIGN_IDENTITY = "";
				"CODE_SIGN_IDENTITY[sdk=macosx*]" = "Apple Development";
				CODE_SIGN_STYLE = Automatic;
				COMBINE_HIDPI_IMAGES = YES;
				CURRENT_PROJECT_VERSION = 1;
				DEFINES_MODULE = YES;
				DEVELOPMENT_TEAM = 4399GN35BJ;
				DYLIB_COMPATIBILITY_VERSION = 1;
				DYLIB_CURRENT_VERSION = 1;
				DYLIB_INSTALL_NAME_BASE = "@rpath";
				ENABLE_MODULE_VERIFIER = YES;
				GENERATE_INFOPLIST_FILE = YES;
				INFOPLIST_KEY_NSHumanReadableCopyright = "";
				INSTALL_PATH = "$(LOCAL_LIBRARY_DIR)/Frameworks";
				LD_RUNPATH_SEARCH_PATHS = (
					"$(inherited)",
					"@executable_path/../Frameworks",
					"@loader_path/Frameworks",
				);
				MACOSX_DEPLOYMENT_TARGET = 14.0;
				MARKETING_VERSION = 1.0;
				MODULE_VERIFIER_SUPPORTED_LANGUAGES = "objective-c objective-c++";
				MODULE_VERIFIER_SUPPORTED_LANGUAGE_STANDARDS = "gnu17 gnu++20";
				PRODUCT_BUNDLE_IDENTIFIER = "$(APPLICATION_IDENTIFIER).CoderSDK";
				PRODUCT_NAME = "$(TARGET_NAME:c99extidentifier)";
				SKIP_INSTALL = YES;
				SWIFT_EMIT_LOC_STRINGS = YES;
				SWIFT_INSTALL_OBJC_HEADER = NO;
				SWIFT_VERSION = 5.0;
				VERSIONING_SYSTEM = "apple-generic";
				VERSION_INFO_PREFIX = "";
			};
			name = Debug;
		};
		AA3B40A92D2FC8560099996A /* Release */ = {
			isa = XCBuildConfiguration;
			buildSettings = {
				BUILD_LIBRARY_FOR_DISTRIBUTION = NO;
				CODE_SIGN_IDENTITY = "";
				"CODE_SIGN_IDENTITY[sdk=macosx*]" = "Apple Development";
				CODE_SIGN_STYLE = Automatic;
				COMBINE_HIDPI_IMAGES = YES;
				CURRENT_PROJECT_VERSION = 1;
				DEFINES_MODULE = YES;
				DEVELOPMENT_TEAM = 4399GN35BJ;
				DYLIB_COMPATIBILITY_VERSION = 1;
				DYLIB_CURRENT_VERSION = 1;
				DYLIB_INSTALL_NAME_BASE = "@rpath";
				ENABLE_MODULE_VERIFIER = YES;
				GENERATE_INFOPLIST_FILE = YES;
				INFOPLIST_KEY_NSHumanReadableCopyright = "";
				INSTALL_PATH = "$(LOCAL_LIBRARY_DIR)/Frameworks";
				LD_RUNPATH_SEARCH_PATHS = (
					"$(inherited)",
					"@executable_path/../Frameworks",
					"@loader_path/Frameworks",
				);
				MACOSX_DEPLOYMENT_TARGET = 14.0;
				MARKETING_VERSION = 1.0;
				MODULE_VERIFIER_SUPPORTED_LANGUAGES = "objective-c objective-c++";
				MODULE_VERIFIER_SUPPORTED_LANGUAGE_STANDARDS = "gnu17 gnu++20";
				PRODUCT_BUNDLE_IDENTIFIER = "$(APPLICATION_IDENTIFIER).CoderSDK";
				PRODUCT_NAME = "$(TARGET_NAME:c99extidentifier)";
				SKIP_INSTALL = YES;
				SWIFT_EMIT_LOC_STRINGS = YES;
				SWIFT_INSTALL_OBJC_HEADER = NO;
				SWIFT_VERSION = 5.0;
				VERSIONING_SYSTEM = "apple-generic";
				VERSION_INFO_PREFIX = "";
			};
			name = Release;
		};
		AA3B40AB2D2FC8560099996A /* Debug */ = {
			isa = XCBuildConfiguration;
			buildSettings = {
				CODE_SIGN_STYLE = Automatic;
				CURRENT_PROJECT_VERSION = 1;
				DEVELOPMENT_TEAM = 4399GN35BJ;
				GENERATE_INFOPLIST_FILE = YES;
				MACOSX_DEPLOYMENT_TARGET = 14.0;
				MARKETING_VERSION = 1.0;
				PRODUCT_BUNDLE_IDENTIFIER = "com.coder.Coder-Desktop.CoderSDKTests";
				PRODUCT_NAME = "$(TARGET_NAME)";
				SWIFT_EMIT_LOC_STRINGS = NO;
				SWIFT_VERSION = 5.0;
				TEST_HOST = "$(BUILT_PRODUCTS_DIR)/Coder Desktop.app/$(BUNDLE_EXECUTABLE_FOLDER_PATH)/Coder Desktop";
			};
			name = Debug;
		};
		AA3B40AC2D2FC8560099996A /* Release */ = {
			isa = XCBuildConfiguration;
			buildSettings = {
				CODE_SIGN_STYLE = Automatic;
				CURRENT_PROJECT_VERSION = 1;
				DEVELOPMENT_TEAM = 4399GN35BJ;
				GENERATE_INFOPLIST_FILE = YES;
				MACOSX_DEPLOYMENT_TARGET = 14.0;
				MARKETING_VERSION = 1.0;
				PRODUCT_BUNDLE_IDENTIFIER = "com.coder.Coder-Desktop.CoderSDKTests";
				PRODUCT_NAME = "$(TARGET_NAME)";
				SWIFT_EMIT_LOC_STRINGS = NO;
				SWIFT_VERSION = 5.0;
				TEST_HOST = "$(BUILT_PRODUCTS_DIR)/Coder Desktop.app/$(BUNDLE_EXECUTABLE_FOLDER_PATH)/Coder Desktop";
			};
			name = Release;
		};
/* End XCBuildConfiguration section */

/* Begin XCConfigurationList section */
		3B0916AC2D41CFD50064DEA8 /* Build configuration list for PBXNativeTarget "VPNXPC" */ = {
			isa = XCConfigurationList;
			buildConfigurations = (
				3B0916AD2D41CFD50064DEA8 /* Debug */,
				3B0916AE2D41CFD50064DEA8 /* Release */,
			);
			defaultConfigurationIsVisible = 0;
			defaultConfigurationName = Release;
		};
		961678F72CFF100D00B2B6DF /* Build configuration list for PBXProject "Coder Desktop" */ = {
			isa = XCConfigurationList;
			buildConfigurations = (
				961679212CFF100F00B2B6DF /* Debug */,
				961679222CFF100F00B2B6DF /* Release */,
			);
			defaultConfigurationIsVisible = 0;
			defaultConfigurationName = Release;
		};
		961679232CFF100F00B2B6DF /* Build configuration list for PBXNativeTarget "Coder Desktop" */ = {
			isa = XCConfigurationList;
			buildConfigurations = (
				961679242CFF100F00B2B6DF /* Debug */,
				961679252CFF100F00B2B6DF /* Release */,
			);
			defaultConfigurationIsVisible = 0;
			defaultConfigurationName = Release;
		};
		961679262CFF100F00B2B6DF /* Build configuration list for PBXNativeTarget "Coder DesktopTests" */ = {
			isa = XCConfigurationList;
			buildConfigurations = (
				961679272CFF100F00B2B6DF /* Debug */,
				961679282CFF100F00B2B6DF /* Release */,
			);
			defaultConfigurationIsVisible = 0;
			defaultConfigurationName = Release;
		};
		961679292CFF100F00B2B6DF /* Build configuration list for PBXNativeTarget "Coder DesktopUITests" */ = {
			isa = XCConfigurationList;
			buildConfigurations = (
				9616792A2CFF100F00B2B6DF /* Debug */,
				9616792B2CFF100F00B2B6DF /* Release */,
			);
			defaultConfigurationIsVisible = 0;
			defaultConfigurationName = Release;
		};
		9616793F2CFF117300B2B6DF /* Build configuration list for PBXNativeTarget "VPN" */ = {
			isa = XCConfigurationList;
			buildConfigurations = (
				961679402CFF117300B2B6DF /* Debug */,
				961679412CFF117300B2B6DF /* Release */,
			);
			defaultConfigurationIsVisible = 0;
			defaultConfigurationName = Release;
		};
		AA3B3DB72D2D23860099996A /* Build configuration list for PBXNativeTarget "VPNLib" */ = {
			isa = XCConfigurationList;
			buildConfigurations = (
				AA3B3DB82D2D23860099996A /* Debug */,
				AA3B3DB92D2D23860099996A /* Release */,
			);
			defaultConfigurationIsVisible = 0;
			defaultConfigurationName = Release;
		};
		AA3B3DBA2D2D23860099996A /* Build configuration list for PBXNativeTarget "VPNLibTests" */ = {
			isa = XCConfigurationList;
			buildConfigurations = (
				AA3B3DBB2D2D23860099996A /* Debug */,
				AA3B3DBC2D2D23860099996A /* Release */,
			);
			defaultConfigurationIsVisible = 0;
			defaultConfigurationName = Release;
		};
		AA3B40A72D2FC8560099996A /* Build configuration list for PBXNativeTarget "CoderSDK" */ = {
			isa = XCConfigurationList;
			buildConfigurations = (
				AA3B40A82D2FC8560099996A /* Debug */,
				AA3B40A92D2FC8560099996A /* Release */,
			);
			defaultConfigurationIsVisible = 0;
			defaultConfigurationName = Release;
		};
		AA3B40AA2D2FC8560099996A /* Build configuration list for PBXNativeTarget "CoderSDKTests" */ = {
			isa = XCConfigurationList;
			buildConfigurations = (
				AA3B40AB2D2FC8560099996A /* Debug */,
				AA3B40AC2D2FC8560099996A /* Release */,
			);
			defaultConfigurationIsVisible = 0;
			defaultConfigurationName = Release;
		};
/* End XCConfigurationList section */

/* Begin XCRemoteSwiftPackageReference section */
		961679512CFF207900B2B6DF /* XCRemoteSwiftPackageReference "swift-protobuf" */ = {
			isa = XCRemoteSwiftPackageReference;
			repositoryURL = "https://github.com/apple/swift-protobuf.git";
			requirement = {
				kind = exactVersion;
				version = 1.28.2;
			};
		};
		AA2C690D2D34F6920059AFAF /* XCRemoteSwiftPackageReference "LaunchAtLogin-modern" */ = {
			isa = XCRemoteSwiftPackageReference;
			repositoryURL = "https://github.com/sindresorhus/LaunchAtLogin-modern";
			requirement = {
				kind = exactVersion;
				version = 1.1.0;
			};
		};
		AA2C698A2D354A600059AFAF /* XCRemoteSwiftPackageReference "SwiftLintPlugins" */ = {
			isa = XCRemoteSwiftPackageReference;
			repositoryURL = "https://github.com/SimplyDanny/SwiftLintPlugins";
			requirement = {
				kind = upToNextMajorVersion;
				minimumVersion = 0.58.0;
			};
		};
		AA3B3E8A2D2E0FE10099996A /* XCRemoteSwiftPackageReference "Mocker" */ = {
			isa = XCRemoteSwiftPackageReference;
			repositoryURL = "https://github.com/WeTransfer/Mocker";
			requirement = {
				kind = upToNextMajorVersion;
				minimumVersion = 3.0.2;
			};
		};
		AA8BC3372D00609700E1ABAA /* XCRemoteSwiftPackageReference "ViewInspector" */ = {
			isa = XCRemoteSwiftPackageReference;
			repositoryURL = "https://github.com/nalexn/ViewInspector";
			requirement = {
				kind = upToNextMajorVersion;
				minimumVersion = 0.10.0;
			};
		};
		AA8BC33D2D0061F200E1ABAA /* XCRemoteSwiftPackageReference "fluid-menu-bar-extra" */ = {
			isa = XCRemoteSwiftPackageReference;
			repositoryURL = "https://github.com/lfroms/fluid-menu-bar-extra";
			requirement = {
				kind = upToNextMajorVersion;
				minimumVersion = 1.1.0;
			};
		};
		AA8BC4CD2D00A4B700E1ABAA /* XCRemoteSwiftPackageReference "KeychainAccess" */ = {
			isa = XCRemoteSwiftPackageReference;
			repositoryURL = "https://github.com/kishikawakatsumi/KeychainAccess";
			requirement = {
				branch = e0c7eebc5a4465a3c4680764f26b7a61f567cdaf;
				kind = branch;
			};
		};
/* End XCRemoteSwiftPackageReference section */

/* Begin XCSwiftPackageProductDependency section */
		AA2C690E2D34F6920059AFAF /* LaunchAtLogin */ = {
			isa = XCSwiftPackageProductDependency;
			package = AA2C690D2D34F6920059AFAF /* XCRemoteSwiftPackageReference "LaunchAtLogin-modern" */;
			productName = LaunchAtLogin;
		};
		AA2C698B2D354A800059AFAF /* SwiftLintBuildToolPlugin */ = {
			isa = XCSwiftPackageProductDependency;
			package = AA2C698A2D354A600059AFAF /* XCRemoteSwiftPackageReference "SwiftLintPlugins" */;
			productName = "plugin:SwiftLintBuildToolPlugin";
		};
		AA2C698D2D354A840059AFAF /* SwiftLintBuildToolPlugin */ = {
			isa = XCSwiftPackageProductDependency;
			package = AA2C698A2D354A600059AFAF /* XCRemoteSwiftPackageReference "SwiftLintPlugins" */;
			productName = "plugin:SwiftLintBuildToolPlugin";
		};
		AA2C698F2D354A880059AFAF /* SwiftLintBuildToolPlugin */ = {
			isa = XCSwiftPackageProductDependency;
			package = AA2C698A2D354A600059AFAF /* XCRemoteSwiftPackageReference "SwiftLintPlugins" */;
			productName = "plugin:SwiftLintBuildToolPlugin";
		};
		AA2C69912D354A8B0059AFAF /* SwiftLintBuildToolPlugin */ = {
			isa = XCSwiftPackageProductDependency;
			package = AA2C698A2D354A600059AFAF /* XCRemoteSwiftPackageReference "SwiftLintPlugins" */;
			productName = "plugin:SwiftLintBuildToolPlugin";
		};
		AA2C69932D354A8E0059AFAF /* SwiftLintBuildToolPlugin */ = {
			isa = XCSwiftPackageProductDependency;
			package = AA2C698A2D354A600059AFAF /* XCRemoteSwiftPackageReference "SwiftLintPlugins" */;
			productName = "plugin:SwiftLintBuildToolPlugin";
		};
		AA2C69952D354A910059AFAF /* SwiftLintBuildToolPlugin */ = {
			isa = XCSwiftPackageProductDependency;
			package = AA2C698A2D354A600059AFAF /* XCRemoteSwiftPackageReference "SwiftLintPlugins" */;
			productName = "plugin:SwiftLintBuildToolPlugin";
		};
		AA2C69972D354A940059AFAF /* SwiftLintBuildToolPlugin */ = {
			isa = XCSwiftPackageProductDependency;
			package = AA2C698A2D354A600059AFAF /* XCRemoteSwiftPackageReference "SwiftLintPlugins" */;
			productName = "plugin:SwiftLintBuildToolPlugin";
		};
		AA2C69992D354A970059AFAF /* SwiftLintBuildToolPlugin */ = {
			isa = XCSwiftPackageProductDependency;
			package = AA2C698A2D354A600059AFAF /* XCRemoteSwiftPackageReference "SwiftLintPlugins" */;
			productName = "plugin:SwiftLintBuildToolPlugin";
		};
		AA3B3DBE2D2D23AB0099996A /* SwiftProtobuf */ = {
			isa = XCSwiftPackageProductDependency;
			package = 961679512CFF207900B2B6DF /* XCRemoteSwiftPackageReference "swift-protobuf" */;
			productName = SwiftProtobuf;
		};
		AA3B3DC02D2D23AB0099996A /* SwiftProtobufPluginLibrary */ = {
			isa = XCSwiftPackageProductDependency;
			package = 961679512CFF207900B2B6DF /* XCRemoteSwiftPackageReference "swift-protobuf" */;
			productName = SwiftProtobufPluginLibrary;
		};
		AA3B3E8D2D2E0FF40099996A /* Mocker */ = {
			isa = XCSwiftPackageProductDependency;
			package = AA3B3E8A2D2E0FE10099996A /* XCRemoteSwiftPackageReference "Mocker" */;
			productName = Mocker;
		};
		AA3B40B52D2FD9DD0099996A /* Mocker */ = {
			isa = XCSwiftPackageProductDependency;
			package = AA3B3E8A2D2E0FE10099996A /* XCRemoteSwiftPackageReference "Mocker" */;
			productName = Mocker;
		};
		AA3B40BC2D2FDFBA0099996A /* Mocker */ = {
			isa = XCSwiftPackageProductDependency;
			package = AA3B3E8A2D2E0FE10099996A /* XCRemoteSwiftPackageReference "Mocker" */;
			productName = Mocker;
		};
		AA8BC3382D0060A900E1ABAA /* ViewInspector */ = {
			isa = XCSwiftPackageProductDependency;
			package = AA8BC3372D00609700E1ABAA /* XCRemoteSwiftPackageReference "ViewInspector" */;
			productName = ViewInspector;
		};
		AA8BC33E2D0061F200E1ABAA /* FluidMenuBarExtra */ = {
			isa = XCSwiftPackageProductDependency;
			package = AA8BC33D2D0061F200E1ABAA /* XCRemoteSwiftPackageReference "fluid-menu-bar-extra" */;
			productName = FluidMenuBarExtra;
		};
		AA8BC4CE2D00A4B700E1ABAA /* KeychainAccess */ = {
			isa = XCSwiftPackageProductDependency;
			package = AA8BC4CD2D00A4B700E1ABAA /* XCRemoteSwiftPackageReference "KeychainAccess" */;
			productName = KeychainAccess;
		};
/* End XCSwiftPackageProductDependency section */
	};
	rootObject = 961678F42CFF100D00B2B6DF /* Project object */;
}
