{
  "originHash" : "d39a8b95e058413544f0c950992976311c18db0f67bd754d563e7affcecf57f0",
  "pins" : [
    {
      "identity" : "fluid-menu-bar-extra",
      "kind" : "remoteSourceControl",
      "location" : "https://github.com/lfroms/fluid-menu-bar-extra",
      "state" : {
        "revision" : "e152a3a1a25aca24906217f8d4d63afbb08d7f97",
        "version" : "1.1.0"
      }
    },
    {
      "identity" : "swiftlintplugins",
      "kind" : "remoteSourceControl",
      "location" : "https://github.com/SimplyDanny/SwiftLintPlugins",
      "state" : {
        "revision" : "f9731bef175c3eea3a0ca960f1be78fcc2bc7853",
        "version" : "0.57.1"
      }
    },
    {
      "identity" : "viewinspector?tab=readme-ov-file",
      "kind" : "remoteSourceControl",
      "location" : "https://github.com/nalexn/ViewInspector?tab=readme-ov-file",
      "state" : {
        "revision" : "5acfa0a3c095ac9ad050abe51c60d1831e8321da",
        "version" : "0.10.0"
      }
    }
  ],
  "version" : 3
}
