{
  "originHash" : "ba5cc6c48f18a191bfc7dfa34832790cdb9026b6a8f9b71b6dfe43cd35602671",
  "pins" : [
    {
      "identity" : "fluid-menu-bar-extra",
      "kind" : "remoteSourceControl",
      "location" : "https://github.com/lfroms/fluid-menu-bar-extra",
      "state" : {
        "revision" : "e152a3a1a25aca24906217f8d4d63afbb08d7f97",
        "version" : "1.1.0"
      }
    },
    {
      "identity" : "swiftlintplugins",
      "kind" : "remoteSourceControl",
      "location" : "https://github.com/SimplyDanny/SwiftLintPlugins",
      "state" : {
        "revision" : "f9731bef175c3eea3a0ca960f1be78fcc2bc7853",
        "version" : "0.57.1"
      }
    }
  ],
  "version" : 3
}
